// !$*UTF8*$!
{
	archiveVersion = 1;
	classes = {
	};
	objectVersion = 50;
	objects = {

/* Begin PBXBuildFile section */
		DE3D9A81257ACD2300317164 /* StoryDay4 in Resources */ = {isa = PBXBuildFile; fileRef = DE3D9A80257ACD2300317164 /* StoryDay4 */; };
		DE3D9A82257ACD2300317164 /* StoryDay4 in Resources */ = {isa = PBXBuildFile; fileRef = DE3D9A80257ACD2300317164 /* StoryDay4 */; };
		DE3D9A83257ACD2300317164 /* StoryDay4 in Resources */ = {isa = PBXBuildFile; fileRef = DE3D9A80257ACD2300317164 /* StoryDay4 */; };
		DE3D9A84257ACD2300317164 /* StoryDay4 in Resources */ = {isa = PBXBuildFile; fileRef = DE3D9A80257ACD2300317164 /* StoryDay4 */; };
		DE3D9A8E257AD04300317164 /* Advent2020.swift in Sources */ = {isa = PBXBuildFile; fileRef = DE3D9A8D257AD04300317164 /* Advent2020.swift */; };
		DE3D9A8F257AD04300317164 /* Advent2020.swift in Sources */ = {isa = PBXBuildFile; fileRef = DE3D9A8D257AD04300317164 /* Advent2020.swift */; };
		DE3D9A90257AD04300317164 /* Advent2020.swift in Sources */ = {isa = PBXBuildFile; fileRef = DE3D9A8D257AD04300317164 /* Advent2020.swift */; };
		DE3D9A91257AD04300317164 /* Advent2020.swift in Sources */ = {isa = PBXBuildFile; fileRef = DE3D9A8D257AD04300317164 /* Advent2020.swift */; };
		DE3D9A97257BD8C600317164 /* Day5Tests.swift in Sources */ = {isa = PBXBuildFile; fileRef = DE3D9A96257BD8C600317164 /* Day5Tests.swift */; };
		DE3D9A9D257BDCC400317164 /* InputDay5 in Resources */ = {isa = PBXBuildFile; fileRef = DE3D9A9C257BDCC400317164 /* InputDay5 */; };
		DE3D9A9E257BDCC400317164 /* InputDay5 in Resources */ = {isa = PBXBuildFile; fileRef = DE3D9A9C257BDCC400317164 /* InputDay5 */; };
		DE3D9A9F257BDCC400317164 /* InputDay5 in Resources */ = {isa = PBXBuildFile; fileRef = DE3D9A9C257BDCC400317164 /* InputDay5 */; };
		DE3D9AA0257BDCC400317164 /* InputDay5 in Resources */ = {isa = PBXBuildFile; fileRef = DE3D9A9C257BDCC400317164 /* InputDay5 */; };
		DE3D9AA6257BDCE200317164 /* BinaryBoarding.swift in Sources */ = {isa = PBXBuildFile; fileRef = DE3D9AA5257BDCE200317164 /* BinaryBoarding.swift */; };
		DE3D9AA7257BDCE200317164 /* BinaryBoarding.swift in Sources */ = {isa = PBXBuildFile; fileRef = DE3D9AA5257BDCE200317164 /* BinaryBoarding.swift */; };
		DE3D9AA8257BDCE200317164 /* BinaryBoarding.swift in Sources */ = {isa = PBXBuildFile; fileRef = DE3D9AA5257BDCE200317164 /* BinaryBoarding.swift */; };
		DE3D9AA9257BDCE200317164 /* BinaryBoarding.swift in Sources */ = {isa = PBXBuildFile; fileRef = DE3D9AA5257BDCE200317164 /* BinaryBoarding.swift */; };
		DE3D9AB4257C25DD00317164 /* StoryDay5 in Resources */ = {isa = PBXBuildFile; fileRef = DE3D9AB3257C25DD00317164 /* StoryDay5 */; };
		DE3D9AB5257C25DD00317164 /* StoryDay5 in Resources */ = {isa = PBXBuildFile; fileRef = DE3D9AB3257C25DD00317164 /* StoryDay5 */; };
		DE3D9AB6257C25DD00317164 /* StoryDay5 in Resources */ = {isa = PBXBuildFile; fileRef = DE3D9AB3257C25DD00317164 /* StoryDay5 */; };
		DE3D9AB7257C25DD00317164 /* StoryDay5 in Resources */ = {isa = PBXBuildFile; fileRef = DE3D9AB3257C25DD00317164 /* StoryDay5 */; };
		DE716EFC25841011005E4730 /* Day11Tests.swift in Sources */ = {isa = PBXBuildFile; fileRef = DE716EFB25841011005E4730 /* Day11Tests.swift */; };
		DE716F02258423E9005E4730 /* SeatingSystem.swift in Sources */ = {isa = PBXBuildFile; fileRef = DE716F01258423E9005E4730 /* SeatingSystem.swift */; };
		DE716F03258423E9005E4730 /* SeatingSystem.swift in Sources */ = {isa = PBXBuildFile; fileRef = DE716F01258423E9005E4730 /* SeatingSystem.swift */; };
		DE716F04258423E9005E4730 /* SeatingSystem.swift in Sources */ = {isa = PBXBuildFile; fileRef = DE716F01258423E9005E4730 /* SeatingSystem.swift */; };
		DE716F05258423E9005E4730 /* SeatingSystem.swift in Sources */ = {isa = PBXBuildFile; fileRef = DE716F01258423E9005E4730 /* SeatingSystem.swift */; };
		DE716F0B25842464005E4730 /* InputDay11 in Resources */ = {isa = PBXBuildFile; fileRef = DE716F0A25842464005E4730 /* InputDay11 */; };
		DE716F0C25842464005E4730 /* InputDay11 in Resources */ = {isa = PBXBuildFile; fileRef = DE716F0A25842464005E4730 /* InputDay11 */; };
		DE716F0D25842464005E4730 /* InputDay11 in Resources */ = {isa = PBXBuildFile; fileRef = DE716F0A25842464005E4730 /* InputDay11 */; };
		DE716F0E25842464005E4730 /* InputDay11 in Resources */ = {isa = PBXBuildFile; fileRef = DE716F0A25842464005E4730 /* InputDay11 */; };
		DE72BA10257F889100E10F16 /* Day8Tests.swift in Sources */ = {isa = PBXBuildFile; fileRef = DE72BA0F257F889100E10F16 /* Day8Tests.swift */; };
		DE841222257F8B0700B483D7 /* InputDay8 in Resources */ = {isa = PBXBuildFile; fileRef = DE841221257F8B0700B483D7 /* InputDay8 */; };
		DE841228257F8B2700B483D7 /* HandheldHalting.swift in Sources */ = {isa = PBXBuildFile; fileRef = DE841227257F8B2700B483D7 /* HandheldHalting.swift */; };
		DE841229257F8B2700B483D7 /* HandheldHalting.swift in Sources */ = {isa = PBXBuildFile; fileRef = DE841227257F8B2700B483D7 /* HandheldHalting.swift */; };
		DE84122A257F8B2700B483D7 /* HandheldHalting.swift in Sources */ = {isa = PBXBuildFile; fileRef = DE841227257F8B2700B483D7 /* HandheldHalting.swift */; };
		DE84122B257F8B2700B483D7 /* HandheldHalting.swift in Sources */ = {isa = PBXBuildFile; fileRef = DE841227257F8B2700B483D7 /* HandheldHalting.swift */; };
		DE841231257FA27400B483D7 /* StoryDay8 in Resources */ = {isa = PBXBuildFile; fileRef = DE841230257FA27400B483D7 /* StoryDay8 */; };
		DE841232257FA27400B483D7 /* StoryDay8 in Resources */ = {isa = PBXBuildFile; fileRef = DE841230257FA27400B483D7 /* StoryDay8 */; };
		DE841233257FA27400B483D7 /* StoryDay8 in Resources */ = {isa = PBXBuildFile; fileRef = DE841230257FA27400B483D7 /* StoryDay8 */; };
		DE841234257FA27400B483D7 /* StoryDay8 in Resources */ = {isa = PBXBuildFile; fileRef = DE841230257FA27400B483D7 /* StoryDay8 */; };
		DE8412442580280700B483D7 /* StoryDay7 in Resources */ = {isa = PBXBuildFile; fileRef = DE8412432580280700B483D7 /* StoryDay7 */; };
		DE8412452580280700B483D7 /* StoryDay7 in Resources */ = {isa = PBXBuildFile; fileRef = DE8412432580280700B483D7 /* StoryDay7 */; };
		DE8412462580280700B483D7 /* StoryDay7 in Resources */ = {isa = PBXBuildFile; fileRef = DE8412432580280700B483D7 /* StoryDay7 */; };
		DE8412472580280700B483D7 /* StoryDay7 in Resources */ = {isa = PBXBuildFile; fileRef = DE8412432580280700B483D7 /* StoryDay7 */; };
		DE84124D2580EA5200B483D7 /* Day9Tests.swift in Sources */ = {isa = PBXBuildFile; fileRef = DE84124C2580EA5200B483D7 /* Day9Tests.swift */; };
		DE8412532580ECCB00B483D7 /* EncodingError.swift in Sources */ = {isa = PBXBuildFile; fileRef = DE8412522580ECCB00B483D7 /* EncodingError.swift */; };
		DE8412542580ECCB00B483D7 /* EncodingError.swift in Sources */ = {isa = PBXBuildFile; fileRef = DE8412522580ECCB00B483D7 /* EncodingError.swift */; };
		DE8412552580ECCB00B483D7 /* EncodingError.swift in Sources */ = {isa = PBXBuildFile; fileRef = DE8412522580ECCB00B483D7 /* EncodingError.swift */; };
		DE8412562580ECCB00B483D7 /* EncodingError.swift in Sources */ = {isa = PBXBuildFile; fileRef = DE8412522580ECCB00B483D7 /* EncodingError.swift */; };
		DE84125C2580ED8100B483D7 /* InputDay9 in Resources */ = {isa = PBXBuildFile; fileRef = DE84125B2580ED8100B483D7 /* InputDay9 */; };
		DE84125D2580ED8100B483D7 /* InputDay9 in Resources */ = {isa = PBXBuildFile; fileRef = DE84125B2580ED8100B483D7 /* InputDay9 */; };
		DE84125E2580ED8100B483D7 /* InputDay9 in Resources */ = {isa = PBXBuildFile; fileRef = DE84125B2580ED8100B483D7 /* InputDay9 */; };
		DE84125F2580ED8100B483D7 /* InputDay9 in Resources */ = {isa = PBXBuildFile; fileRef = DE84125B2580ED8100B483D7 /* InputDay9 */; };
		DEB6D4F625816AB300B6A71E /* StoryDay9 in Resources */ = {isa = PBXBuildFile; fileRef = DEB6D4F525816AB300B6A71E /* StoryDay9 */; };
		DEB6D5052582079800B6A71E /* Day10Tests.swift in Sources */ = {isa = PBXBuildFile; fileRef = DEB6D5042582079800B6A71E /* Day10Tests.swift */; };
		DEB6D50B2582091700B6A71E /* InputDay10 in Resources */ = {isa = PBXBuildFile; fileRef = DEB6D50A2582091700B6A71E /* InputDay10 */; };
		DEB6D5112582092B00B6A71E /* AdapterArray.swift in Sources */ = {isa = PBXBuildFile; fileRef = DEB6D5102582092B00B6A71E /* AdapterArray.swift */; };
		DEB6D5162582094A00B6A71E /* AdapterArray.swift in Sources */ = {isa = PBXBuildFile; fileRef = DEB6D5102582092B00B6A71E /* AdapterArray.swift */; };
		DEB6D51B2582094B00B6A71E /* AdapterArray.swift in Sources */ = {isa = PBXBuildFile; fileRef = DEB6D5102582092B00B6A71E /* AdapterArray.swift */; };
		DEB6D51C2582094B00B6A71E /* AdapterArray.swift in Sources */ = {isa = PBXBuildFile; fileRef = DEB6D5102582092B00B6A71E /* AdapterArray.swift */; };
		DEC96A3D257CF3BF008392CF /* Day6Tests.swift in Sources */ = {isa = PBXBuildFile; fileRef = DEC96A3C257CF3BF008392CF /* Day6Tests.swift */; };
		DEC96A43257CF50C008392CF /* InputDay6 in Resources */ = {isa = PBXBuildFile; fileRef = DEC96A42257CF50C008392CF /* InputDay6 */; };
		DEC96A49257CF53E008392CF /* CustomCustoms.swift in Sources */ = {isa = PBXBuildFile; fileRef = DEC96A48257CF53E008392CF /* CustomCustoms.swift */; };
		DEC96A4E257D7C0E008392CF /* CustomCustoms.swift in Sources */ = {isa = PBXBuildFile; fileRef = DEC96A48257CF53E008392CF /* CustomCustoms.swift */; };
		DEC96A53257D7C0F008392CF /* CustomCustoms.swift in Sources */ = {isa = PBXBuildFile; fileRef = DEC96A48257CF53E008392CF /* CustomCustoms.swift */; };
		DEC96A58257D7C0F008392CF /* CustomCustoms.swift in Sources */ = {isa = PBXBuildFile; fileRef = DEC96A48257CF53E008392CF /* CustomCustoms.swift */; };
		DEC96A5E257D7DFB008392CF /* StoryDay6 in Resources */ = {isa = PBXBuildFile; fileRef = DEC96A5D257D7DFB008392CF /* StoryDay6 */; };
		DEC96A71257EDB2E008392CF /* Day7Tests.swift in Sources */ = {isa = PBXBuildFile; fileRef = DEC96A70257EDB2E008392CF /* Day7Tests.swift */; };
		DEC96A77257EDD01008392CF /* HandyHaversacks.swift in Sources */ = {isa = PBXBuildFile; fileRef = DEC96A76257EDD01008392CF /* HandyHaversacks.swift */; };
		DEC96A78257EDD01008392CF /* HandyHaversacks.swift in Sources */ = {isa = PBXBuildFile; fileRef = DEC96A76257EDD01008392CF /* HandyHaversacks.swift */; };
		DEC96A79257EDD01008392CF /* HandyHaversacks.swift in Sources */ = {isa = PBXBuildFile; fileRef = DEC96A76257EDD01008392CF /* HandyHaversacks.swift */; };
		DEC96A7A257EDD01008392CF /* HandyHaversacks.swift in Sources */ = {isa = PBXBuildFile; fileRef = DEC96A76257EDD01008392CF /* HandyHaversacks.swift */; };
		DEC96A80257EDDD6008392CF /* InputDay7 in Resources */ = {isa = PBXBuildFile; fileRef = DEC96A7F257EDDD6008392CF /* InputDay7 */; };
		DEC96A81257EDDD6008392CF /* InputDay7 in Resources */ = {isa = PBXBuildFile; fileRef = DEC96A7F257EDDD6008392CF /* InputDay7 */; };
		DEC96A82257EDDD6008392CF /* InputDay7 in Resources */ = {isa = PBXBuildFile; fileRef = DEC96A7F257EDDD6008392CF /* InputDay7 */; };
		DEC96A83257EDDD6008392CF /* InputDay7 in Resources */ = {isa = PBXBuildFile; fileRef = DEC96A7F257EDDD6008392CF /* InputDay7 */; };
		DEE0F6FA2576D473005F1C91 /* Day1Tests.swift in Sources */ = {isa = PBXBuildFile; fileRef = DEE0F6F92576D473005F1C91 /* Day1Tests.swift */; };
		DEE0F7052576D473005F1C91 /* Tests_macOS.swift in Sources */ = {isa = PBXBuildFile; fileRef = DEE0F7042576D473005F1C91 /* Tests_macOS.swift */; };
		DEE0F7072576D473005F1C91 /* AoC2020App.swift in Sources */ = {isa = PBXBuildFile; fileRef = DEE0F6DE2576D470005F1C91 /* AoC2020App.swift */; };
		DEE0F7082576D473005F1C91 /* AoC2020App.swift in Sources */ = {isa = PBXBuildFile; fileRef = DEE0F6DE2576D470005F1C91 /* AoC2020App.swift */; };
		DEE0F7092576D473005F1C91 /* ContentView.swift in Sources */ = {isa = PBXBuildFile; fileRef = DEE0F6DF2576D470005F1C91 /* ContentView.swift */; };
		DEE0F70A2576D473005F1C91 /* ContentView.swift in Sources */ = {isa = PBXBuildFile; fileRef = DEE0F6DF2576D470005F1C91 /* ContentView.swift */; };
		DEE0F70B2576D473005F1C91 /* Assets.xcassets in Resources */ = {isa = PBXBuildFile; fileRef = DEE0F6E02576D472005F1C91 /* Assets.xcassets */; };
		DEE0F70C2576D473005F1C91 /* Assets.xcassets in Resources */ = {isa = PBXBuildFile; fileRef = DEE0F6E02576D472005F1C91 /* Assets.xcassets */; };
		DEE0F7292577EB1D005F1C91 /* ReportRepair.swift in Sources */ = {isa = PBXBuildFile; fileRef = DEE0F7282577EB1D005F1C91 /* ReportRepair.swift */; };
		DEE0F72A2577EB1D005F1C91 /* ReportRepair.swift in Sources */ = {isa = PBXBuildFile; fileRef = DEE0F7282577EB1D005F1C91 /* ReportRepair.swift */; };
		DEE0F7522577FE9E005F1C91 /* StoryDay1 in Resources */ = {isa = PBXBuildFile; fileRef = DEE0F7502577FE9E005F1C91 /* StoryDay1 */; };
		DEE0F7532577FE9E005F1C91 /* StoryDay1 in Resources */ = {isa = PBXBuildFile; fileRef = DEE0F7502577FE9E005F1C91 /* StoryDay1 */; };
		DEE0F7542577FE9E005F1C91 /* InputDay1 in Resources */ = {isa = PBXBuildFile; fileRef = DEE0F7512577FE9E005F1C91 /* InputDay1 */; };
		DEE0F7552577FE9E005F1C91 /* InputDay1 in Resources */ = {isa = PBXBuildFile; fileRef = DEE0F7512577FE9E005F1C91 /* InputDay1 */; };
		DEE0F7632577FFC5005F1C91 /* FileReader.swift in Sources */ = {isa = PBXBuildFile; fileRef = DEE0F7622577FFC5005F1C91 /* FileReader.swift */; };
		DEE0F7642577FFC5005F1C91 /* FileReader.swift in Sources */ = {isa = PBXBuildFile; fileRef = DEE0F7622577FFC5005F1C91 /* FileReader.swift */; };
		DEE0F76D2578007A005F1C91 /* FileReader.swift in Sources */ = {isa = PBXBuildFile; fileRef = DEE0F7622577FFC5005F1C91 /* FileReader.swift */; };
		DEE0F7722578007A005F1C91 /* FileReader.swift in Sources */ = {isa = PBXBuildFile; fileRef = DEE0F7622577FFC5005F1C91 /* FileReader.swift */; };
		DEE0F777257801FA005F1C91 /* ReportRepair.swift in Sources */ = {isa = PBXBuildFile; fileRef = DEE0F7282577EB1D005F1C91 /* ReportRepair.swift */; };
		DEE0F77C257801FB005F1C91 /* ReportRepair.swift in Sources */ = {isa = PBXBuildFile; fileRef = DEE0F7282577EB1D005F1C91 /* ReportRepair.swift */; };
		DEE0F78A25780BBF005F1C91 /* Day2Tests.swift in Sources */ = {isa = PBXBuildFile; fileRef = DEE0F78925780BBF005F1C91 /* Day2Tests.swift */; };
		DEE0F7952578316C005F1C91 /* PasswordPhilosophy.swift in Sources */ = {isa = PBXBuildFile; fileRef = DEE0F7942578316C005F1C91 /* PasswordPhilosophy.swift */; };
		DEE0F7962578316C005F1C91 /* PasswordPhilosophy.swift in Sources */ = {isa = PBXBuildFile; fileRef = DEE0F7942578316C005F1C91 /* PasswordPhilosophy.swift */; };
		DEE18C5E2578327100148C53 /* InputDay2 in Resources */ = {isa = PBXBuildFile; fileRef = DEE18C5D2578327100148C53 /* InputDay2 */; };
		DEE18C5F2578327100148C53 /* InputDay2 in Resources */ = {isa = PBXBuildFile; fileRef = DEE18C5D2578327100148C53 /* InputDay2 */; };
		DEE18C652578327F00148C53 /* StoryDay2 in Resources */ = {isa = PBXBuildFile; fileRef = DEE18C642578327F00148C53 /* StoryDay2 */; };
		DEE18C662578327F00148C53 /* StoryDay2 in Resources */ = {isa = PBXBuildFile; fileRef = DEE18C642578327F00148C53 /* StoryDay2 */; };
		DEE18C6F257833C000148C53 /* PasswordPhilosophy.swift in Sources */ = {isa = PBXBuildFile; fileRef = DEE0F7942578316C005F1C91 /* PasswordPhilosophy.swift */; };
		DEE18C74257833C000148C53 /* PasswordPhilosophy.swift in Sources */ = {isa = PBXBuildFile; fileRef = DEE0F7942578316C005F1C91 /* PasswordPhilosophy.swift */; };
		DEE18C7A2578C23E00148C53 /* Day3Tests.swift in Sources */ = {isa = PBXBuildFile; fileRef = DEE18C792578C23E00148C53 /* Day3Tests.swift */; };
		DEE18C802579601D00148C53 /* TobogganTrajectory.swift in Sources */ = {isa = PBXBuildFile; fileRef = DEE18C7F2579601D00148C53 /* TobogganTrajectory.swift */; };
		DEE18C812579601D00148C53 /* TobogganTrajectory.swift in Sources */ = {isa = PBXBuildFile; fileRef = DEE18C7F2579601D00148C53 /* TobogganTrajectory.swift */; };
		DEE18C8C2579609000148C53 /* InputDay3 in Resources */ = {isa = PBXBuildFile; fileRef = DEE18C8B2579609000148C53 /* InputDay3 */; };
		DEE18C8D2579609000148C53 /* InputDay3 in Resources */ = {isa = PBXBuildFile; fileRef = DEE18C8B2579609000148C53 /* InputDay3 */; };
		DEE18C92257961D600148C53 /* TobogganTrajectory.swift in Sources */ = {isa = PBXBuildFile; fileRef = DEE18C7F2579601D00148C53 /* TobogganTrajectory.swift */; };
		DEE18C97257961D700148C53 /* TobogganTrajectory.swift in Sources */ = {isa = PBXBuildFile; fileRef = DEE18C7F2579601D00148C53 /* TobogganTrajectory.swift */; };
		DEE18C9D2579778E00148C53 /* StoryDay3 in Resources */ = {isa = PBXBuildFile; fileRef = DEE18C9C2579778E00148C53 /* StoryDay3 */; };
		DEE18C9E2579778E00148C53 /* StoryDay3 in Resources */ = {isa = PBXBuildFile; fileRef = DEE18C9C2579778E00148C53 /* StoryDay3 */; };
		DEE18CAF257A209800148C53 /* PassportProcessing.swift in Sources */ = {isa = PBXBuildFile; fileRef = DEE18CAE257A209800148C53 /* PassportProcessing.swift */; };
		DEE18CB0257A209800148C53 /* PassportProcessing.swift in Sources */ = {isa = PBXBuildFile; fileRef = DEE18CAE257A209800148C53 /* PassportProcessing.swift */; };
		DEE18CB1257A209800148C53 /* PassportProcessing.swift in Sources */ = {isa = PBXBuildFile; fileRef = DEE18CAE257A209800148C53 /* PassportProcessing.swift */; };
		DEE18CB2257A209800148C53 /* PassportProcessing.swift in Sources */ = {isa = PBXBuildFile; fileRef = DEE18CAE257A209800148C53 /* PassportProcessing.swift */; };
		DEE18CB8257A214900148C53 /* Day4Tests.swift in Sources */ = {isa = PBXBuildFile; fileRef = DEE18CB7257A214900148C53 /* Day4Tests.swift */; };
		DEE18CBE257A24AA00148C53 /* InputDay4 in Resources */ = {isa = PBXBuildFile; fileRef = DEE18CBD257A24AA00148C53 /* InputDay4 */; };
		DEE18CBF257A24AA00148C53 /* InputDay4 in Resources */ = {isa = PBXBuildFile; fileRef = DEE18CBD257A24AA00148C53 /* InputDay4 */; };
		DEE18CC0257A24AA00148C53 /* InputDay4 in Resources */ = {isa = PBXBuildFile; fileRef = DEE18CBD257A24AA00148C53 /* InputDay4 */; };
		DEE18CC1257A24AA00148C53 /* InputDay4 in Resources */ = {isa = PBXBuildFile; fileRef = DEE18CBD257A24AA00148C53 /* InputDay4 */; };
/* End PBXBuildFile section */

/* Begin PBXContainerItemProxy section */
		DEE0F6F62576D473005F1C91 /* PBXContainerItemProxy */ = {
			isa = PBXContainerItemProxy;
			containerPortal = DEE0F6D92576D470005F1C91 /* Project object */;
			proxyType = 1;
			remoteGlobalIDString = DEE0F6E42576D472005F1C91;
			remoteInfo = "AoC2020 (iOS)";
		};
		DEE0F7012576D473005F1C91 /* PBXContainerItemProxy */ = {
			isa = PBXContainerItemProxy;
			containerPortal = DEE0F6D92576D470005F1C91 /* Project object */;
			proxyType = 1;
			remoteGlobalIDString = DEE0F6EC2576D472005F1C91;
			remoteInfo = "AoC2020 (macOS)";
		};
/* End PBXContainerItemProxy section */

/* Begin PBXFileReference section */
		DE3D9A80257ACD2300317164 /* StoryDay4 */ = {isa = PBXFileReference; lastKnownFileType = text; path = StoryDay4; sourceTree = "<group>"; };
		DE3D9A8D257AD04300317164 /* Advent2020.swift */ = {isa = PBXFileReference; lastKnownFileType = sourcecode.swift; path = Advent2020.swift; sourceTree = "<group>"; };
		DE3D9A96257BD8C600317164 /* Day5Tests.swift */ = {isa = PBXFileReference; lastKnownFileType = sourcecode.swift; path = Day5Tests.swift; sourceTree = "<group>"; };
		DE3D9A9C257BDCC400317164 /* InputDay5 */ = {isa = PBXFileReference; lastKnownFileType = text; path = InputDay5; sourceTree = "<group>"; };
		DE3D9AA5257BDCE200317164 /* BinaryBoarding.swift */ = {isa = PBXFileReference; lastKnownFileType = sourcecode.swift; path = BinaryBoarding.swift; sourceTree = "<group>"; };
		DE3D9AB3257C25DD00317164 /* StoryDay5 */ = {isa = PBXFileReference; lastKnownFileType = text; path = StoryDay5; sourceTree = "<group>"; };
		DE716EFB25841011005E4730 /* Day11Tests.swift */ = {isa = PBXFileReference; lastKnownFileType = sourcecode.swift; path = Day11Tests.swift; sourceTree = "<group>"; };
		DE716F01258423E9005E4730 /* SeatingSystem.swift */ = {isa = PBXFileReference; lastKnownFileType = sourcecode.swift; path = SeatingSystem.swift; sourceTree = "<group>"; };
		DE716F0A25842464005E4730 /* InputDay11 */ = {isa = PBXFileReference; lastKnownFileType = text; path = InputDay11; sourceTree = "<group>"; };
		DE72BA0F257F889100E10F16 /* Day8Tests.swift */ = {isa = PBXFileReference; lastKnownFileType = sourcecode.swift; path = Day8Tests.swift; sourceTree = "<group>"; };
		DE841221257F8B0700B483D7 /* InputDay8 */ = {isa = PBXFileReference; lastKnownFileType = text; path = InputDay8; sourceTree = "<group>"; };
		DE841227257F8B2700B483D7 /* HandheldHalting.swift */ = {isa = PBXFileReference; lastKnownFileType = sourcecode.swift; path = HandheldHalting.swift; sourceTree = "<group>"; };
		DE841230257FA27400B483D7 /* StoryDay8 */ = {isa = PBXFileReference; lastKnownFileType = text; path = StoryDay8; sourceTree = "<group>"; };
		DE8412432580280700B483D7 /* StoryDay7 */ = {isa = PBXFileReference; lastKnownFileType = text; path = StoryDay7; sourceTree = "<group>"; };
		DE84124C2580EA5200B483D7 /* Day9Tests.swift */ = {isa = PBXFileReference; lastKnownFileType = sourcecode.swift; path = Day9Tests.swift; sourceTree = "<group>"; };
		DE8412522580ECCB00B483D7 /* EncodingError.swift */ = {isa = PBXFileReference; lastKnownFileType = sourcecode.swift; path = EncodingError.swift; sourceTree = "<group>"; };
		DE84125B2580ED8100B483D7 /* InputDay9 */ = {isa = PBXFileReference; lastKnownFileType = text; path = InputDay9; sourceTree = "<group>"; };
		DEB6D4F525816AB300B6A71E /* StoryDay9 */ = {isa = PBXFileReference; lastKnownFileType = text; path = StoryDay9; sourceTree = "<group>"; };
		DEB6D5042582079800B6A71E /* Day10Tests.swift */ = {isa = PBXFileReference; lastKnownFileType = sourcecode.swift; path = Day10Tests.swift; sourceTree = "<group>"; };
		DEB6D50A2582091700B6A71E /* InputDay10 */ = {isa = PBXFileReference; lastKnownFileType = text; path = InputDay10; sourceTree = "<group>"; };
		DEB6D5102582092B00B6A71E /* AdapterArray.swift */ = {isa = PBXFileReference; lastKnownFileType = sourcecode.swift; path = AdapterArray.swift; sourceTree = "<group>"; };
		DEC96A3C257CF3BF008392CF /* Day6Tests.swift */ = {isa = PBXFileReference; lastKnownFileType = sourcecode.swift; path = Day6Tests.swift; sourceTree = "<group>"; };
		DEC96A42257CF50C008392CF /* InputDay6 */ = {isa = PBXFileReference; lastKnownFileType = text; path = InputDay6; sourceTree = "<group>"; };
		DEC96A48257CF53E008392CF /* CustomCustoms.swift */ = {isa = PBXFileReference; lastKnownFileType = sourcecode.swift; path = CustomCustoms.swift; sourceTree = "<group>"; };
		DEC96A5D257D7DFB008392CF /* StoryDay6 */ = {isa = PBXFileReference; lastKnownFileType = text; path = StoryDay6; sourceTree = "<group>"; };
		DEC96A70257EDB2E008392CF /* Day7Tests.swift */ = {isa = PBXFileReference; lastKnownFileType = sourcecode.swift; path = Day7Tests.swift; sourceTree = "<group>"; };
		DEC96A76257EDD01008392CF /* HandyHaversacks.swift */ = {isa = PBXFileReference; lastKnownFileType = sourcecode.swift; path = HandyHaversacks.swift; sourceTree = "<group>"; };
		DEC96A7F257EDDD6008392CF /* InputDay7 */ = {isa = PBXFileReference; lastKnownFileType = text; path = InputDay7; sourceTree = "<group>"; };
		DEE0F6DE2576D470005F1C91 /* AoC2020App.swift */ = {isa = PBXFileReference; lastKnownFileType = sourcecode.swift; path = AoC2020App.swift; sourceTree = "<group>"; };
		DEE0F6DF2576D470005F1C91 /* ContentView.swift */ = {isa = PBXFileReference; lastKnownFileType = sourcecode.swift; path = ContentView.swift; sourceTree = "<group>"; };
		DEE0F6E02576D472005F1C91 /* Assets.xcassets */ = {isa = PBXFileReference; lastKnownFileType = folder.assetcatalog; path = Assets.xcassets; sourceTree = "<group>"; };
		DEE0F6E52576D472005F1C91 /* AoC2020.app */ = {isa = PBXFileReference; explicitFileType = wrapper.application; includeInIndex = 0; path = AoC2020.app; sourceTree = BUILT_PRODUCTS_DIR; };
		DEE0F6E82576D472005F1C91 /* Info.plist */ = {isa = PBXFileReference; lastKnownFileType = text.plist.xml; path = Info.plist; sourceTree = "<group>"; };
		DEE0F6ED2576D473005F1C91 /* AoC2020.app */ = {isa = PBXFileReference; explicitFileType = wrapper.application; includeInIndex = 0; path = AoC2020.app; sourceTree = BUILT_PRODUCTS_DIR; };
		DEE0F6EF2576D473005F1C91 /* Info.plist */ = {isa = PBXFileReference; lastKnownFileType = text.plist.xml; path = Info.plist; sourceTree = "<group>"; };
		DEE0F6F02576D473005F1C91 /* macOS.entitlements */ = {isa = PBXFileReference; lastKnownFileType = text.plist.entitlements; path = macOS.entitlements; sourceTree = "<group>"; };
		DEE0F6F52576D473005F1C91 /* Tests iOS.xctest */ = {isa = PBXFileReference; explicitFileType = wrapper.cfbundle; includeInIndex = 0; path = "Tests iOS.xctest"; sourceTree = BUILT_PRODUCTS_DIR; };
		DEE0F6F92576D473005F1C91 /* Day1Tests.swift */ = {isa = PBXFileReference; lastKnownFileType = sourcecode.swift; path = Day1Tests.swift; sourceTree = "<group>"; };
		DEE0F6FB2576D473005F1C91 /* Info.plist */ = {isa = PBXFileReference; lastKnownFileType = text.plist.xml; path = Info.plist; sourceTree = "<group>"; };
		DEE0F7002576D473005F1C91 /* Tests macOS.xctest */ = {isa = PBXFileReference; explicitFileType = wrapper.cfbundle; includeInIndex = 0; path = "Tests macOS.xctest"; sourceTree = BUILT_PRODUCTS_DIR; };
		DEE0F7042576D473005F1C91 /* Tests_macOS.swift */ = {isa = PBXFileReference; lastKnownFileType = sourcecode.swift; path = Tests_macOS.swift; sourceTree = "<group>"; };
		DEE0F7062576D473005F1C91 /* Info.plist */ = {isa = PBXFileReference; lastKnownFileType = text.plist.xml; path = Info.plist; sourceTree = "<group>"; };
		DEE0F7282577EB1D005F1C91 /* ReportRepair.swift */ = {isa = PBXFileReference; lastKnownFileType = sourcecode.swift; path = ReportRepair.swift; sourceTree = "<group>"; };
		DEE0F7502577FE9E005F1C91 /* StoryDay1 */ = {isa = PBXFileReference; fileEncoding = 4; lastKnownFileType = text; path = StoryDay1; sourceTree = "<group>"; };
		DEE0F7512577FE9E005F1C91 /* InputDay1 */ = {isa = PBXFileReference; fileEncoding = 4; lastKnownFileType = text; path = InputDay1; sourceTree = "<group>"; };
		DEE0F7622577FFC5005F1C91 /* FileReader.swift */ = {isa = PBXFileReference; fileEncoding = 4; lastKnownFileType = sourcecode.swift; path = FileReader.swift; sourceTree = "<group>"; };
		DEE0F78925780BBF005F1C91 /* Day2Tests.swift */ = {isa = PBXFileReference; lastKnownFileType = sourcecode.swift; path = Day2Tests.swift; sourceTree = "<group>"; };
		DEE0F78F257815EC005F1C91 /* AoC.playground */ = {isa = PBXFileReference; lastKnownFileType = file.playground; name = AoC.playground; path = ../../../../../Code/Playgrounds/AoC.playground; sourceTree = "<group>"; xcLanguageSpecificationIdentifier = xcode.lang.swift; };
		DEE0F7942578316C005F1C91 /* PasswordPhilosophy.swift */ = {isa = PBXFileReference; lastKnownFileType = sourcecode.swift; path = PasswordPhilosophy.swift; sourceTree = "<group>"; };
		DEE18C5D2578327100148C53 /* InputDay2 */ = {isa = PBXFileReference; lastKnownFileType = text; path = InputDay2; sourceTree = "<group>"; };
		DEE18C642578327F00148C53 /* StoryDay2 */ = {isa = PBXFileReference; lastKnownFileType = text; path = StoryDay2; sourceTree = "<group>"; };
		DEE18C792578C23E00148C53 /* Day3Tests.swift */ = {isa = PBXFileReference; lastKnownFileType = sourcecode.swift; path = Day3Tests.swift; sourceTree = "<group>"; };
		DEE18C7F2579601D00148C53 /* TobogganTrajectory.swift */ = {isa = PBXFileReference; lastKnownFileType = sourcecode.swift; path = TobogganTrajectory.swift; sourceTree = "<group>"; };
		DEE18C8B2579609000148C53 /* InputDay3 */ = {isa = PBXFileReference; lastKnownFileType = text; path = InputDay3; sourceTree = "<group>"; };
		DEE18C9C2579778E00148C53 /* StoryDay3 */ = {isa = PBXFileReference; lastKnownFileType = text; path = StoryDay3; sourceTree = "<group>"; };
		DEE18CAE257A209800148C53 /* PassportProcessing.swift */ = {isa = PBXFileReference; lastKnownFileType = sourcecode.swift; path = PassportProcessing.swift; sourceTree = "<group>"; };
		DEE18CB7257A214900148C53 /* Day4Tests.swift */ = {isa = PBXFileReference; lastKnownFileType = sourcecode.swift; path = Day4Tests.swift; sourceTree = "<group>"; };
		DEE18CBD257A24AA00148C53 /* InputDay4 */ = {isa = PBXFileReference; lastKnownFileType = text; path = InputDay4; sourceTree = "<group>"; };
/* End PBXFileReference section */

/* Begin PBXFrameworksBuildPhase section */
		DEE0F6E22576D472005F1C91 /* Frameworks */ = {
			isa = PBXFrameworksBuildPhase;
			buildActionMask = 2147483647;
			files = (
			);
			runOnlyForDeploymentPostprocessing = 0;
		};
		DEE0F6EA2576D472005F1C91 /* Frameworks */ = {
			isa = PBXFrameworksBuildPhase;
			buildActionMask = 2147483647;
			files = (
			);
			runOnlyForDeploymentPostprocessing = 0;
		};
		DEE0F6F22576D473005F1C91 /* Frameworks */ = {
			isa = PBXFrameworksBuildPhase;
			buildActionMask = 2147483647;
			files = (
			);
			runOnlyForDeploymentPostprocessing = 0;
		};
		DEE0F6FD2576D473005F1C91 /* Frameworks */ = {
			isa = PBXFrameworksBuildPhase;
			buildActionMask = 2147483647;
			files = (
			);
			runOnlyForDeploymentPostprocessing = 0;
		};
/* End PBXFrameworksBuildPhase section */

/* Begin PBXGroup section */
		DE3D9A77257ACCC600317164 /* Day4 */ = {
			isa = PBXGroup;
			children = (
				DEE18CAE257A209800148C53 /* PassportProcessing.swift */,
				DEE18CBD257A24AA00148C53 /* InputDay4 */,
				DE3D9A80257ACD2300317164 /* StoryDay4 */,
			);
			path = Day4;
			sourceTree = "<group>";
		};
		DE3D9AAE257C25BF00317164 /* Day5 */ = {
			isa = PBXGroup;
			children = (
				DE3D9AA5257BDCE200317164 /* BinaryBoarding.swift */,
				DE3D9A9C257BDCC400317164 /* InputDay5 */,
				DE3D9AB3257C25DD00317164 /* StoryDay5 */,
			);
			path = Day5;
			sourceTree = "<group>";
		};
		DE5F461F25834E2400A54C31 /* Day10 */ = {
			isa = PBXGroup;
			children = (
				DEB6D5102582092B00B6A71E /* AdapterArray.swift */,
				DEB6D50A2582091700B6A71E /* InputDay10 */,
			);
			path = Day10;
			sourceTree = "<group>";
		};
		DE716F13258426EA005E4730 /* Day11 */ = {
			isa = PBXGroup;
			children = (
				DE716F01258423E9005E4730 /* SeatingSystem.swift */,
				DE716F0A25842464005E4730 /* InputDay11 */,
			);
			path = Day11;
			sourceTree = "<group>";
		};
		DE841239257FA29900B483D7 /* Day8 */ = {
			isa = PBXGroup;
			children = (
				DE841227257F8B2700B483D7 /* HandheldHalting.swift */,
				DE841221257F8B0700B483D7 /* InputDay8 */,
				DE841230257FA27400B483D7 /* StoryDay8 */,
			);
			path = Day8;
			sourceTree = "<group>";
		};
		DEB6D4FB25816ACF00B6A71E /* Day9 */ = {
			isa = PBXGroup;
			children = (
				DE8412522580ECCB00B483D7 /* EncodingError.swift */,
				DE84125B2580ED8100B483D7 /* InputDay9 */,
				DEB6D4F525816AB300B6A71E /* StoryDay9 */,
			);
			path = Day9;
			sourceTree = "<group>";
		};
		DEC96A63257D7E07008392CF /* Day6 */ = {
			isa = PBXGroup;
			children = (
				DEC96A48257CF53E008392CF /* CustomCustoms.swift */,
				DEC96A42257CF50C008392CF /* InputDay6 */,
				DEC96A5D257D7DFB008392CF /* StoryDay6 */,
			);
			path = Day6;
			sourceTree = "<group>";
		};
		DEC96A88257EE94F008392CF /* Day7 */ = {
			isa = PBXGroup;
			children = (
				DEC96A76257EDD01008392CF /* HandyHaversacks.swift */,
				DEC96A7F257EDDD6008392CF /* InputDay7 */,
				DE8412432580280700B483D7 /* StoryDay7 */,
			);
			path = Day7;
			sourceTree = "<group>";
		};
		DEE0F6D82576D470005F1C91 = {
			isa = PBXGroup;
			children = (
				DEE0F78F257815EC005F1C91 /* AoC.playground */,
				DEE0F6DD2576D470005F1C91 /* Shared */,
				DEE0F6E72576D472005F1C91 /* iOS */,
				DEE0F6EE2576D473005F1C91 /* macOS */,
				DEE0F6F82576D473005F1C91 /* Tests iOS */,
				DEE0F7032576D473005F1C91 /* Tests macOS */,
				DEE0F6E62576D472005F1C91 /* Products */,
			);
			sourceTree = "<group>";
		};
		DEE0F6DD2576D470005F1C91 /* Shared */ = {
			isa = PBXGroup;
			children = (
				DEE0F6DE2576D470005F1C91 /* AoC2020App.swift */,
				DEE0F6DF2576D470005F1C91 /* ContentView.swift */,
				DE3D9A8D257AD04300317164 /* Advent2020.swift */,
				DEE0F7622577FFC5005F1C91 /* FileReader.swift */,
				DE716F13258426EA005E4730 /* Day11 */,
				DE5F461F25834E2400A54C31 /* Day10 */,
				DEB6D4FB25816ACF00B6A71E /* Day9 */,
				DE841239257FA29900B483D7 /* Day8 */,
				DEC96A88257EE94F008392CF /* Day7 */,
				DEC96A63257D7E07008392CF /* Day6 */,
				DE3D9AAE257C25BF00317164 /* Day5 */,
				DE3D9A77257ACCC600317164 /* Day4 */,
				DEE18C862579604900148C53 /* Day3 */,
				DEE0F79B257831BB005F1C91 /* Day2 */,
				DEE0F72F2577EB31005F1C91 /* Day1 */,
				DEE0F6E02576D472005F1C91 /* Assets.xcassets */,
			);
			path = Shared;
			sourceTree = "<group>";
		};
		DEE0F6E62576D472005F1C91 /* Products */ = {
			isa = PBXGroup;
			children = (
				DEE0F6E52576D472005F1C91 /* AoC2020.app */,
				DEE0F6ED2576D473005F1C91 /* AoC2020.app */,
				DEE0F6F52576D473005F1C91 /* Tests iOS.xctest */,
				DEE0F7002576D473005F1C91 /* Tests macOS.xctest */,
			);
			name = Products;
			sourceTree = "<group>";
		};
		DEE0F6E72576D472005F1C91 /* iOS */ = {
			isa = PBXGroup;
			children = (
				DEE0F6E82576D472005F1C91 /* Info.plist */,
			);
			path = iOS;
			sourceTree = "<group>";
		};
		DEE0F6EE2576D473005F1C91 /* macOS */ = {
			isa = PBXGroup;
			children = (
				DEE0F6EF2576D473005F1C91 /* Info.plist */,
				DEE0F6F02576D473005F1C91 /* macOS.entitlements */,
			);
			path = macOS;
			sourceTree = "<group>";
		};
		DEE0F6F82576D473005F1C91 /* Tests iOS */ = {
			isa = PBXGroup;
			children = (
				DEE0F6F92576D473005F1C91 /* Day1Tests.swift */,
				DEE0F78925780BBF005F1C91 /* Day2Tests.swift */,
				DEE18C792578C23E00148C53 /* Day3Tests.swift */,
				DEE18CB7257A214900148C53 /* Day4Tests.swift */,
				DE3D9A96257BD8C600317164 /* Day5Tests.swift */,
				DEC96A3C257CF3BF008392CF /* Day6Tests.swift */,
				DEC96A70257EDB2E008392CF /* Day7Tests.swift */,
				DE72BA0F257F889100E10F16 /* Day8Tests.swift */,
				DE84124C2580EA5200B483D7 /* Day9Tests.swift */,
				DEB6D5042582079800B6A71E /* Day10Tests.swift */,
				DE716EFB25841011005E4730 /* Day11Tests.swift */,
				DEE0F6FB2576D473005F1C91 /* Info.plist */,
			);
			path = "Tests iOS";
			sourceTree = "<group>";
		};
		DEE0F7032576D473005F1C91 /* Tests macOS */ = {
			isa = PBXGroup;
			children = (
				DEE0F7042576D473005F1C91 /* Tests_macOS.swift */,
				DEE0F7062576D473005F1C91 /* Info.plist */,
			);
			path = "Tests macOS";
			sourceTree = "<group>";
		};
		DEE0F72F2577EB31005F1C91 /* Day1 */ = {
			isa = PBXGroup;
			children = (
				DEE0F7282577EB1D005F1C91 /* ReportRepair.swift */,
				DEE0F7512577FE9E005F1C91 /* InputDay1 */,
				DEE0F7502577FE9E005F1C91 /* StoryDay1 */,
			);
			path = Day1;
			sourceTree = "<group>";
		};
		DEE0F79B257831BB005F1C91 /* Day2 */ = {
			isa = PBXGroup;
			children = (
				DEE0F7942578316C005F1C91 /* PasswordPhilosophy.swift */,
				DEE18C5D2578327100148C53 /* InputDay2 */,
				DEE18C642578327F00148C53 /* StoryDay2 */,
			);
			path = Day2;
			sourceTree = "<group>";
		};
		DEE18C862579604900148C53 /* Day3 */ = {
			isa = PBXGroup;
			children = (
				DEE18C7F2579601D00148C53 /* TobogganTrajectory.swift */,
				DEE18C8B2579609000148C53 /* InputDay3 */,
				DEE18C9C2579778E00148C53 /* StoryDay3 */,
			);
			path = Day3;
			sourceTree = "<group>";
		};
/* End PBXGroup section */

/* Begin PBXNativeTarget section */
		DEE0F6E42576D472005F1C91 /* AoC2020 (iOS) */ = {
			isa = PBXNativeTarget;
			buildConfigurationList = DEE0F70F2576D473005F1C91 /* Build configuration list for PBXNativeTarget "AoC2020 (iOS)" */;
			buildPhases = (
				DEE0F6E12576D472005F1C91 /* Sources */,
				DEE0F6E22576D472005F1C91 /* Frameworks */,
				DEE0F6E32576D472005F1C91 /* Resources */,
			);
			buildRules = (
			);
			dependencies = (
			);
			name = "AoC2020 (iOS)";
			productName = "AoC2020 (iOS)";
			productReference = DEE0F6E52576D472005F1C91 /* AoC2020.app */;
			productType = "com.apple.product-type.application";
		};
		DEE0F6EC2576D472005F1C91 /* AoC2020 (macOS) */ = {
			isa = PBXNativeTarget;
			buildConfigurationList = DEE0F7122576D473005F1C91 /* Build configuration list for PBXNativeTarget "AoC2020 (macOS)" */;
			buildPhases = (
				DEE0F6E92576D472005F1C91 /* Sources */,
				DEE0F6EA2576D472005F1C91 /* Frameworks */,
				DEE0F6EB2576D472005F1C91 /* Resources */,
			);
			buildRules = (
			);
			dependencies = (
			);
			name = "AoC2020 (macOS)";
			productName = "AoC2020 (macOS)";
			productReference = DEE0F6ED2576D473005F1C91 /* AoC2020.app */;
			productType = "com.apple.product-type.application";
		};
		DEE0F6F42576D473005F1C91 /* Tests iOS */ = {
			isa = PBXNativeTarget;
			buildConfigurationList = DEE0F7152576D473005F1C91 /* Build configuration list for PBXNativeTarget "Tests iOS" */;
			buildPhases = (
				DEE0F6F12576D473005F1C91 /* Sources */,
				DEE0F6F22576D473005F1C91 /* Frameworks */,
				DEE0F6F32576D473005F1C91 /* Resources */,
			);
			buildRules = (
			);
			dependencies = (
				DEE0F6F72576D473005F1C91 /* PBXTargetDependency */,
			);
			name = "Tests iOS";
			productName = "Tests iOS";
			productReference = DEE0F6F52576D473005F1C91 /* Tests iOS.xctest */;
			productType = "com.apple.product-type.bundle.ui-testing";
		};
		DEE0F6FF2576D473005F1C91 /* Tests macOS */ = {
			isa = PBXNativeTarget;
			buildConfigurationList = DEE0F7182576D473005F1C91 /* Build configuration list for PBXNativeTarget "Tests macOS" */;
			buildPhases = (
				DEE0F6FC2576D473005F1C91 /* Sources */,
				DEE0F6FD2576D473005F1C91 /* Frameworks */,
				DEE0F6FE2576D473005F1C91 /* Resources */,
			);
			buildRules = (
			);
			dependencies = (
				DEE0F7022576D473005F1C91 /* PBXTargetDependency */,
			);
			name = "Tests macOS";
			productName = "Tests macOS";
			productReference = DEE0F7002576D473005F1C91 /* Tests macOS.xctest */;
			productType = "com.apple.product-type.bundle.ui-testing";
		};
/* End PBXNativeTarget section */

/* Begin PBXProject section */
		DEE0F6D92576D470005F1C91 /* Project object */ = {
			isa = PBXProject;
			attributes = {
				LastSwiftUpdateCheck = 1220;
				LastUpgradeCheck = 1220;
				TargetAttributes = {
					DEE0F6E42576D472005F1C91 = {
						CreatedOnToolsVersion = 12.2;
					};
					DEE0F6EC2576D472005F1C91 = {
						CreatedOnToolsVersion = 12.2;
					};
					DEE0F6F42576D473005F1C91 = {
						CreatedOnToolsVersion = 12.2;
						TestTargetID = DEE0F6E42576D472005F1C91;
					};
					DEE0F6FF2576D473005F1C91 = {
						CreatedOnToolsVersion = 12.2;
						TestTargetID = DEE0F6EC2576D472005F1C91;
					};
				};
			};
			buildConfigurationList = DEE0F6DC2576D470005F1C91 /* Build configuration list for PBXProject "AoC2020" */;
			compatibilityVersion = "Xcode 9.3";
			developmentRegion = en;
			hasScannedForEncodings = 0;
			knownRegions = (
				en,
				Base,
			);
			mainGroup = DEE0F6D82576D470005F1C91;
			productRefGroup = DEE0F6E62576D472005F1C91 /* Products */;
			projectDirPath = "";
			projectRoot = "";
			targets = (
				DEE0F6E42576D472005F1C91 /* AoC2020 (iOS) */,
				DEE0F6EC2576D472005F1C91 /* AoC2020 (macOS) */,
				DEE0F6F42576D473005F1C91 /* Tests iOS */,
				DEE0F6FF2576D473005F1C91 /* Tests macOS */,
			);
		};
/* End PBXProject section */

/* Begin PBXResourcesBuildPhase section */
		DEE0F6E32576D472005F1C91 /* Resources */ = {
			isa = PBXResourcesBuildPhase;
			buildActionMask = 2147483647;
			files = (
				DE841231257FA27400B483D7 /* StoryDay8 in Resources */,
				DE3D9A9D257BDCC400317164 /* InputDay5 in Resources */,
				DEE18C8C2579609000148C53 /* InputDay3 in Resources */,
				DEE0F7542577FE9E005F1C91 /* InputDay1 in Resources */,
				DEE18C5E2578327100148C53 /* InputDay2 in Resources */,
				DEE18CBE257A24AA00148C53 /* InputDay4 in Resources */,
				DEC96A5E257D7DFB008392CF /* StoryDay6 in Resources */,
				DE8412442580280700B483D7 /* StoryDay7 in Resources */,
				DEE0F70B2576D473005F1C91 /* Assets.xcassets in Resources */,
				DEE18C9D2579778E00148C53 /* StoryDay3 in Resources */,
				DEE0F7522577FE9E005F1C91 /* StoryDay1 in Resources */,
				DE841222257F8B0700B483D7 /* InputDay8 in Resources */,
				DEE18C652578327F00148C53 /* StoryDay2 in Resources */,
				DEB6D50B2582091700B6A71E /* InputDay10 in Resources */,
				DEC96A80257EDDD6008392CF /* InputDay7 in Resources */,
				DE716F0B25842464005E4730 /* InputDay11 in Resources */,
				DEB6D4F625816AB300B6A71E /* StoryDay9 in Resources */,
				DEC96A43257CF50C008392CF /* InputDay6 in Resources */,
				DE84125C2580ED8100B483D7 /* InputDay9 in Resources */,
				DE3D9A81257ACD2300317164 /* StoryDay4 in Resources */,
				DE3D9AB4257C25DD00317164 /* StoryDay5 in Resources */,
			);
			runOnlyForDeploymentPostprocessing = 0;
		};
		DEE0F6EB2576D472005F1C91 /* Resources */ = {
			isa = PBXResourcesBuildPhase;
			buildActionMask = 2147483647;
			files = (
				DE3D9A9E257BDCC400317164 /* InputDay5 in Resources */,
				DEE18C8D2579609000148C53 /* InputDay3 in Resources */,
				DEE0F7552577FE9E005F1C91 /* InputDay1 in Resources */,
				DEE18C5F2578327100148C53 /* InputDay2 in Resources */,
				DEE18CBF257A24AA00148C53 /* InputDay4 in Resources */,
				DE8412452580280700B483D7 /* StoryDay7 in Resources */,
				DEE0F70C2576D473005F1C91 /* Assets.xcassets in Resources */,
				DEC96A81257EDDD6008392CF /* InputDay7 in Resources */,
				DEE18C9E2579778E00148C53 /* StoryDay3 in Resources */,
				DE84125D2580ED8100B483D7 /* InputDay9 in Resources */,
				DE716F0C25842464005E4730 /* InputDay11 in Resources */,
				DEE0F7532577FE9E005F1C91 /* StoryDay1 in Resources */,
				DEE18C662578327F00148C53 /* StoryDay2 in Resources */,
				DE3D9A82257ACD2300317164 /* StoryDay4 in Resources */,
				DE841232257FA27400B483D7 /* StoryDay8 in Resources */,
				DE3D9AB5257C25DD00317164 /* StoryDay5 in Resources */,
			);
			runOnlyForDeploymentPostprocessing = 0;
		};
		DEE0F6F32576D473005F1C91 /* Resources */ = {
			isa = PBXResourcesBuildPhase;
			buildActionMask = 2147483647;
			files = (
				DE3D9A9F257BDCC400317164 /* InputDay5 in Resources */,
				DEC96A82257EDDD6008392CF /* InputDay7 in Resources */,
				DE841233257FA27400B483D7 /* StoryDay8 in Resources */,
				DE3D9AB6257C25DD00317164 /* StoryDay5 in Resources */,
				DE3D9A83257ACD2300317164 /* StoryDay4 in Resources */,
				DE8412462580280700B483D7 /* StoryDay7 in Resources */,
				DE716F0D25842464005E4730 /* InputDay11 in Resources */,
				DEE18CC0257A24AA00148C53 /* InputDay4 in Resources */,
				DE84125E2580ED8100B483D7 /* InputDay9 in Resources */,
			);
			runOnlyForDeploymentPostprocessing = 0;
		};
		DEE0F6FE2576D473005F1C91 /* Resources */ = {
			isa = PBXResourcesBuildPhase;
			buildActionMask = 2147483647;
			files = (
				DE3D9AA0257BDCC400317164 /* InputDay5 in Resources */,
				DEC96A83257EDDD6008392CF /* InputDay7 in Resources */,
				DE841234257FA27400B483D7 /* StoryDay8 in Resources */,
				DE3D9AB7257C25DD00317164 /* StoryDay5 in Resources */,
				DE3D9A84257ACD2300317164 /* StoryDay4 in Resources */,
				DE8412472580280700B483D7 /* StoryDay7 in Resources */,
				DE716F0E25842464005E4730 /* InputDay11 in Resources */,
				DEE18CC1257A24AA00148C53 /* InputDay4 in Resources */,
				DE84125F2580ED8100B483D7 /* InputDay9 in Resources */,
			);
			runOnlyForDeploymentPostprocessing = 0;
		};
/* End PBXResourcesBuildPhase section */

/* Begin PBXSourcesBuildPhase section */
		DEE0F6E12576D472005F1C91 /* Sources */ = {
			isa = PBXSourcesBuildPhase;
			buildActionMask = 2147483647;
			files = (
				DE716F02258423E9005E4730 /* SeatingSystem.swift in Sources */,
				DEE0F7292577EB1D005F1C91 /* ReportRepair.swift in Sources */,
				DEB6D5112582092B00B6A71E /* AdapterArray.swift in Sources */,
				DE3D9A8E257AD04300317164 /* Advent2020.swift in Sources */,
				DEE0F7092576D473005F1C91 /* ContentView.swift in Sources */,
				DEC96A49257CF53E008392CF /* CustomCustoms.swift in Sources */,
				DEE18CAF257A209800148C53 /* PassportProcessing.swift in Sources */,
				DEE0F7632577FFC5005F1C91 /* FileReader.swift in Sources */,
				DEE0F7072576D473005F1C91 /* AoC2020App.swift in Sources */,
				DE8412532580ECCB00B483D7 /* EncodingError.swift in Sources */,
				DE841228257F8B2700B483D7 /* HandheldHalting.swift in Sources */,
				DEE0F7952578316C005F1C91 /* PasswordPhilosophy.swift in Sources */,
				DEE18C802579601D00148C53 /* TobogganTrajectory.swift in Sources */,
				DEC96A77257EDD01008392CF /* HandyHaversacks.swift in Sources */,
				DE3D9AA6257BDCE200317164 /* BinaryBoarding.swift in Sources */,
			);
			runOnlyForDeploymentPostprocessing = 0;
		};
		DEE0F6E92576D472005F1C91 /* Sources */ = {
			isa = PBXSourcesBuildPhase;
			buildActionMask = 2147483647;
			files = (
				DE716F03258423E9005E4730 /* SeatingSystem.swift in Sources */,
				DEE0F72A2577EB1D005F1C91 /* ReportRepair.swift in Sources */,
				DEB6D5162582094A00B6A71E /* AdapterArray.swift in Sources */,
				DE3D9A8F257AD04300317164 /* Advent2020.swift in Sources */,
				DEE0F70A2576D473005F1C91 /* ContentView.swift in Sources */,
				DEC96A4E257D7C0E008392CF /* CustomCustoms.swift in Sources */,
				DEE18CB0257A209800148C53 /* PassportProcessing.swift in Sources */,
				DEE0F7642577FFC5005F1C91 /* FileReader.swift in Sources */,
				DEE0F7082576D473005F1C91 /* AoC2020App.swift in Sources */,
				DE8412542580ECCB00B483D7 /* EncodingError.swift in Sources */,
				DE841229257F8B2700B483D7 /* HandheldHalting.swift in Sources */,
				DEE0F7962578316C005F1C91 /* PasswordPhilosophy.swift in Sources */,
				DEE18C812579601D00148C53 /* TobogganTrajectory.swift in Sources */,
				DEC96A78257EDD01008392CF /* HandyHaversacks.swift in Sources */,
				DE3D9AA7257BDCE200317164 /* BinaryBoarding.swift in Sources */,
			);
			runOnlyForDeploymentPostprocessing = 0;
		};
		DEE0F6F12576D473005F1C91 /* Sources */ = {
			isa = PBXSourcesBuildPhase;
			buildActionMask = 2147483647;
			files = (
				DEE0F777257801FA005F1C91 /* ReportRepair.swift in Sources */,
				DEC96A53257D7C0F008392CF /* CustomCustoms.swift in Sources */,
				DEE0F78A25780BBF005F1C91 /* Day2Tests.swift in Sources */,
				DE3D9AA8257BDCE200317164 /* BinaryBoarding.swift in Sources */,
				DEE18C7A2578C23E00148C53 /* Day3Tests.swift in Sources */,
				DEE0F76D2578007A005F1C91 /* FileReader.swift in Sources */,
				DE716F04258423E9005E4730 /* SeatingSystem.swift in Sources */,
				DEE18CB1257A209800148C53 /* PassportProcessing.swift in Sources */,
				DE84122A257F8B2700B483D7 /* HandheldHalting.swift in Sources */,
				DEE0F6FA2576D473005F1C91 /* Day1Tests.swift in Sources */,
				DEB6D51B2582094B00B6A71E /* AdapterArray.swift in Sources */,
				DEE18C92257961D600148C53 /* TobogganTrajectory.swift in Sources */,
				DE72BA10257F889100E10F16 /* Day8Tests.swift in Sources */,
				DE716EFC25841011005E4730 /* Day11Tests.swift in Sources */,
				DEC96A71257EDB2E008392CF /* Day7Tests.swift in Sources */,
				DEE18C6F257833C000148C53 /* PasswordPhilosophy.swift in Sources */,
				DEB6D5052582079800B6A71E /* Day10Tests.swift in Sources */,
				DEC96A3D257CF3BF008392CF /* Day6Tests.swift in Sources */,
				DEE18CB8257A214900148C53 /* Day4Tests.swift in Sources */,
				DE3D9A97257BD8C600317164 /* Day5Tests.swift in Sources */,
				DE84124D2580EA5200B483D7 /* Day9Tests.swift in Sources */,
				DE3D9A90257AD04300317164 /* Advent2020.swift in Sources */,
				DEC96A79257EDD01008392CF /* HandyHaversacks.swift in Sources */,
				DE8412552580ECCB00B483D7 /* EncodingError.swift in Sources */,
			);
			runOnlyForDeploymentPostprocessing = 0;
		};
		DEE0F6FC2576D473005F1C91 /* Sources */ = {
			isa = PBXSourcesBuildPhase;
			buildActionMask = 2147483647;
			files = (
				DE84122B257F8B2700B483D7 /* HandheldHalting.swift in Sources */,
				DEB6D51C2582094B00B6A71E /* AdapterArray.swift in Sources */,
				DEE18CB2257A209800148C53 /* PassportProcessing.swift in Sources */,
				DEC96A7A257EDD01008392CF /* HandyHaversacks.swift in Sources */,
				DE8412562580ECCB00B483D7 /* EncodingError.swift in Sources */,
				DEE0F77C257801FB005F1C91 /* ReportRepair.swift in Sources */,
				DE3D9AA9257BDCE200317164 /* BinaryBoarding.swift in Sources */,
				DEE18C74257833C000148C53 /* PasswordPhilosophy.swift in Sources */,
				DE3D9A91257AD04300317164 /* Advent2020.swift in Sources */,
				DEE0F7722578007A005F1C91 /* FileReader.swift in Sources */,
				DEE18C97257961D700148C53 /* TobogganTrajectory.swift in Sources */,
				DEC96A58257D7C0F008392CF /* CustomCustoms.swift in Sources */,
				DE716F05258423E9005E4730 /* SeatingSystem.swift in Sources */,
				DEE0F7052576D473005F1C91 /* Tests_macOS.swift in Sources */,
			);
			runOnlyForDeploymentPostprocessing = 0;
		};
/* End PBXSourcesBuildPhase section */

/* Begin PBXTargetDependency section */
		DEE0F6F72576D473005F1C91 /* PBXTargetDependency */ = {
			isa = PBXTargetDependency;
			target = DEE0F6E42576D472005F1C91 /* AoC2020 (iOS) */;
			targetProxy = DEE0F6F62576D473005F1C91 /* PBXContainerItemProxy */;
		};
		DEE0F7022576D473005F1C91 /* PBXTargetDependency */ = {
			isa = PBXTargetDependency;
			target = DEE0F6EC2576D472005F1C91 /* AoC2020 (macOS) */;
			targetProxy = DEE0F7012576D473005F1C91 /* PBXContainerItemProxy */;
		};
/* End PBXTargetDependency section */

/* Begin XCBuildConfiguration section */
		DEE0F70D2576D473005F1C91 /* Debug */ = {
			isa = XCBuildConfiguration;
			buildSettings = {
				ALWAYS_SEARCH_USER_PATHS = NO;
				CLANG_ANALYZER_NONNULL = YES;
				CLANG_ANALYZER_NUMBER_OBJECT_CONVERSION = YES_AGGRESSIVE;
				CLANG_CXX_LANGUAGE_STANDARD = "gnu++14";
				CLANG_CXX_LIBRARY = "libc++";
				CLANG_ENABLE_MODULES = YES;
				CLANG_ENABLE_OBJC_ARC = YES;
				CLANG_ENABLE_OBJC_WEAK = YES;
				CLANG_WARN_BLOCK_CAPTURE_AUTORELEASING = YES;
				CLANG_WARN_BOOL_CONVERSION = YES;
				CLANG_WARN_COMMA = YES;
				CLANG_WARN_CONSTANT_CONVERSION = YES;
				CLANG_WARN_DEPRECATED_OBJC_IMPLEMENTATIONS = YES;
				CLANG_WARN_DIRECT_OBJC_ISA_USAGE = YES_ERROR;
				CLANG_WARN_DOCUMENTATION_COMMENTS = YES;
				CLANG_WARN_EMPTY_BODY = YES;
				CLANG_WARN_ENUM_CONVERSION = YES;
				CLANG_WARN_INFINITE_RECURSION = YES;
				CLANG_WARN_INT_CONVERSION = YES;
				CLANG_WARN_NON_LITERAL_NULL_CONVERSION = YES;
				CLANG_WARN_OBJC_IMPLICIT_RETAIN_SELF = YES;
				CLANG_WARN_OBJC_LITERAL_CONVERSION = YES;
				CLANG_WARN_OBJC_ROOT_CLASS = YES_ERROR;
				CLANG_WARN_QUOTED_INCLUDE_IN_FRAMEWORK_HEADER = YES;
				CLANG_WARN_RANGE_LOOP_ANALYSIS = YES;
				CLANG_WARN_STRICT_PROTOTYPES = YES;
				CLANG_WARN_SUSPICIOUS_MOVE = YES;
				CLANG_WARN_UNGUARDED_AVAILABILITY = YES_AGGRESSIVE;
				CLANG_WARN_UNREACHABLE_CODE = YES;
				CLANG_WARN__DUPLICATE_METHOD_MATCH = YES;
				COPY_PHASE_STRIP = NO;
				DEBUG_INFORMATION_FORMAT = dwarf;
				ENABLE_STRICT_OBJC_MSGSEND = YES;
				ENABLE_TESTABILITY = YES;
				GCC_C_LANGUAGE_STANDARD = gnu11;
				GCC_DYNAMIC_NO_PIC = NO;
				GCC_NO_COMMON_BLOCKS = YES;
				GCC_OPTIMIZATION_LEVEL = 0;
				GCC_PREPROCESSOR_DEFINITIONS = (
					"DEBUG=1",
					"$(inherited)",
				);
				GCC_WARN_64_TO_32_BIT_CONVERSION = YES;
				GCC_WARN_ABOUT_RETURN_TYPE = YES_ERROR;
				GCC_WARN_UNDECLARED_SELECTOR = YES;
				GCC_WARN_UNINITIALIZED_AUTOS = YES_AGGRESSIVE;
				GCC_WARN_UNUSED_FUNCTION = YES;
				GCC_WARN_UNUSED_VARIABLE = YES;
				MTL_ENABLE_DEBUG_INFO = INCLUDE_SOURCE;
				MTL_FAST_MATH = YES;
				ONLY_ACTIVE_ARCH = YES;
				SWIFT_ACTIVE_COMPILATION_CONDITIONS = DEBUG;
				SWIFT_OPTIMIZATION_LEVEL = "-Onone";
			};
			name = Debug;
		};
		DEE0F70E2576D473005F1C91 /* Release */ = {
			isa = XCBuildConfiguration;
			buildSettings = {
				ALWAYS_SEARCH_USER_PATHS = NO;
				CLANG_ANALYZER_NONNULL = YES;
				CLANG_ANALYZER_NUMBER_OBJECT_CONVERSION = YES_AGGRESSIVE;
				CLANG_CXX_LANGUAGE_STANDARD = "gnu++14";
				CLANG_CXX_LIBRARY = "libc++";
				CLANG_ENABLE_MODULES = YES;
				CLANG_ENABLE_OBJC_ARC = YES;
				CLANG_ENABLE_OBJC_WEAK = YES;
				CLANG_WARN_BLOCK_CAPTURE_AUTORELEASING = YES;
				CLANG_WARN_BOOL_CONVERSION = YES;
				CLANG_WARN_COMMA = YES;
				CLANG_WARN_CONSTANT_CONVERSION = YES;
				CLANG_WARN_DEPRECATED_OBJC_IMPLEMENTATIONS = YES;
				CLANG_WARN_DIRECT_OBJC_ISA_USAGE = YES_ERROR;
				CLANG_WARN_DOCUMENTATION_COMMENTS = YES;
				CLANG_WARN_EMPTY_BODY = YES;
				CLANG_WARN_ENUM_CONVERSION = YES;
				CLANG_WARN_INFINITE_RECURSION = YES;
				CLANG_WARN_INT_CONVERSION = YES;
				CLANG_WARN_NON_LITERAL_NULL_CONVERSION = YES;
				CLANG_WARN_OBJC_IMPLICIT_RETAIN_SELF = YES;
				CLANG_WARN_OBJC_LITERAL_CONVERSION = YES;
				CLANG_WARN_OBJC_ROOT_CLASS = YES_ERROR;
				CLANG_WARN_QUOTED_INCLUDE_IN_FRAMEWORK_HEADER = YES;
				CLANG_WARN_RANGE_LOOP_ANALYSIS = YES;
				CLANG_WARN_STRICT_PROTOTYPES = YES;
				CLANG_WARN_SUSPICIOUS_MOVE = YES;
				CLANG_WARN_UNGUARDED_AVAILABILITY = YES_AGGRESSIVE;
				CLANG_WARN_UNREACHABLE_CODE = YES;
				CLANG_WARN__DUPLICATE_METHOD_MATCH = YES;
				COPY_PHASE_STRIP = NO;
				DEBUG_INFORMATION_FORMAT = "dwarf-with-dsym";
				ENABLE_NS_ASSERTIONS = NO;
				ENABLE_STRICT_OBJC_MSGSEND = YES;
				GCC_C_LANGUAGE_STANDARD = gnu11;
				GCC_NO_COMMON_BLOCKS = YES;
				GCC_WARN_64_TO_32_BIT_CONVERSION = YES;
				GCC_WARN_ABOUT_RETURN_TYPE = YES_ERROR;
				GCC_WARN_UNDECLARED_SELECTOR = YES;
				GCC_WARN_UNINITIALIZED_AUTOS = YES_AGGRESSIVE;
				GCC_WARN_UNUSED_FUNCTION = YES;
				GCC_WARN_UNUSED_VARIABLE = YES;
				MTL_ENABLE_DEBUG_INFO = NO;
				MTL_FAST_MATH = YES;
				SWIFT_COMPILATION_MODE = wholemodule;
				SWIFT_OPTIMIZATION_LEVEL = "-O";
			};
			name = Release;
		};
		DEE0F7102576D473005F1C91 /* Debug */ = {
			isa = XCBuildConfiguration;
			buildSettings = {
				ASSETCATALOG_COMPILER_APPICON_NAME = AppIcon;
				ASSETCATALOG_COMPILER_GLOBAL_ACCENT_COLOR_NAME = AccentColor;
				CODE_SIGN_STYLE = Automatic;
				DEVELOPMENT_TEAM = 3WR88837J5;
				ENABLE_PREVIEWS = YES;
				INFOPLIST_FILE = iOS/Info.plist;
				IPHONEOS_DEPLOYMENT_TARGET = 14.0;
				LD_RUNPATH_SEARCH_PATHS = (
					"$(inherited)",
					"@executable_path/Frameworks",
				);
				PRODUCT_BUNDLE_IDENTIFIER = com.darkfit.AoC2020;
				PRODUCT_NAME = AoC2020;
				SDKROOT = iphoneos;
				SWIFT_VERSION = 5.0;
				TARGETED_DEVICE_FAMILY = "1,2";
			};
			name = Debug;
		};
		DEE0F7112576D473005F1C91 /* Release */ = {
			isa = XCBuildConfiguration;
			buildSettings = {
				ASSETCATALOG_COMPILER_APPICON_NAME = AppIcon;
				ASSETCATALOG_COMPILER_GLOBAL_ACCENT_COLOR_NAME = AccentColor;
				CODE_SIGN_STYLE = Automatic;
				DEVELOPMENT_TEAM = 3WR88837J5;
				ENABLE_PREVIEWS = YES;
				INFOPLIST_FILE = iOS/Info.plist;
				IPHONEOS_DEPLOYMENT_TARGET = 14.0;
				LD_RUNPATH_SEARCH_PATHS = (
					"$(inherited)",
					"@executable_path/Frameworks",
				);
				PRODUCT_BUNDLE_IDENTIFIER = com.darkfit.AoC2020;
				PRODUCT_NAME = AoC2020;
				SDKROOT = iphoneos;
				SWIFT_VERSION = 5.0;
				TARGETED_DEVICE_FAMILY = "1,2";
				VALIDATE_PRODUCT = YES;
			};
			name = Release;
		};
		DEE0F7132576D473005F1C91 /* Debug */ = {
			isa = XCBuildConfiguration;
			buildSettings = {
				ASSETCATALOG_COMPILER_APPICON_NAME = AppIcon;
				ASSETCATALOG_COMPILER_GLOBAL_ACCENT_COLOR_NAME = AccentColor;
				CODE_SIGN_ENTITLEMENTS = macOS/macOS.entitlements;
				CODE_SIGN_STYLE = Automatic;
				COMBINE_HIDPI_IMAGES = YES;
				DEVELOPMENT_TEAM = 3WR88837J5;
				ENABLE_HARDENED_RUNTIME = YES;
				ENABLE_PREVIEWS = YES;
				INFOPLIST_FILE = macOS/Info.plist;
				LD_RUNPATH_SEARCH_PATHS = (
					"$(inherited)",
					"@executable_path/../Frameworks",
				);
				MACOSX_DEPLOYMENT_TARGET = 11.0;
				PRODUCT_BUNDLE_IDENTIFIER = com.darkfit.AoC2020;
				PRODUCT_NAME = AoC2020;
				SDKROOT = macosx;
				SWIFT_VERSION = 5.0;
			};
			name = Debug;
		};
		DEE0F7142576D473005F1C91 /* Release */ = {
			isa = XCBuildConfiguration;
			buildSettings = {
				ASSETCATALOG_COMPILER_APPICON_NAME = AppIcon;
				ASSETCATALOG_COMPILER_GLOBAL_ACCENT_COLOR_NAME = AccentColor;
				CODE_SIGN_ENTITLEMENTS = macOS/macOS.entitlements;
				CODE_SIGN_STYLE = Automatic;
				COMBINE_HIDPI_IMAGES = YES;
				DEVELOPMENT_TEAM = 3WR88837J5;
				ENABLE_HARDENED_RUNTIME = YES;
				ENABLE_PREVIEWS = YES;
				INFOPLIST_FILE = macOS/Info.plist;
				LD_RUNPATH_SEARCH_PATHS = (
					"$(inherited)",
					"@executable_path/../Frameworks",
				);
				MACOSX_DEPLOYMENT_TARGET = 11.0;
				PRODUCT_BUNDLE_IDENTIFIER = com.darkfit.AoC2020;
				PRODUCT_NAME = AoC2020;
				SDKROOT = macosx;
				SWIFT_VERSION = 5.0;
			};
			name = Release;
		};
		DEE0F7162576D473005F1C91 /* Debug */ = {
			isa = XCBuildConfiguration;
			buildSettings = {
				ALWAYS_EMBED_SWIFT_STANDARD_LIBRARIES = YES;
				CODE_SIGN_STYLE = Automatic;
				DEVELOPMENT_TEAM = 3WR88837J5;
				INFOPLIST_FILE = "Tests iOS/Info.plist";
				IPHONEOS_DEPLOYMENT_TARGET = 14.2;
				LD_RUNPATH_SEARCH_PATHS = (
					"$(inherited)",
					"@executable_path/Frameworks",
					"@loader_path/Frameworks",
				);
				PRODUCT_BUNDLE_IDENTIFIER = "com.darkfit.Tests-iOS";
				PRODUCT_NAME = "$(TARGET_NAME)";
				SDKROOT = iphoneos;
				SWIFT_VERSION = 5.0;
				TARGETED_DEVICE_FAMILY = "1,2";
				TEST_TARGET_NAME = "AoC2020 (iOS)";
			};
			name = Debug;
		};
		DEE0F7172576D473005F1C91 /* Release */ = {
			isa = XCBuildConfiguration;
			buildSettings = {
				ALWAYS_EMBED_SWIFT_STANDARD_LIBRARIES = YES;
				CODE_SIGN_STYLE = Automatic;
				DEVELOPMENT_TEAM = 3WR88837J5;
				INFOPLIST_FILE = "Tests iOS/Info.plist";
				IPHONEOS_DEPLOYMENT_TARGET = 14.2;
				LD_RUNPATH_SEARCH_PATHS = (
					"$(inherited)",
					"@executable_path/Frameworks",
					"@loader_path/Frameworks",
				);
				PRODUCT_BUNDLE_IDENTIFIER = "com.darkfit.Tests-iOS";
				PRODUCT_NAME = "$(TARGET_NAME)";
				SDKROOT = iphoneos;
				SWIFT_VERSION = 5.0;
				TARGETED_DEVICE_FAMILY = "1,2";
				TEST_TARGET_NAME = "AoC2020 (iOS)";
				VALIDATE_PRODUCT = YES;
			};
			name = Release;
		};
		DEE0F7192576D473005F1C91 /* Debug */ = {
			isa = XCBuildConfiguration;
			buildSettings = {
				ALWAYS_EMBED_SWIFT_STANDARD_LIBRARIES = YES;
				CODE_SIGN_STYLE = Automatic;
				COMBINE_HIDPI_IMAGES = YES;
				DEVELOPMENT_TEAM = 3WR88837J5;
				INFOPLIST_FILE = "Tests macOS/Info.plist";
				LD_RUNPATH_SEARCH_PATHS = (
					"$(inherited)",
					"@executable_path/../Frameworks",
					"@loader_path/../Frameworks",
				);
				MACOSX_DEPLOYMENT_TARGET = 11.0;
				PRODUCT_BUNDLE_IDENTIFIER = "com.darkfit.Tests-macOS";
				PRODUCT_NAME = "$(TARGET_NAME)";
				SDKROOT = macosx;
				SWIFT_VERSION = 5.0;
				TEST_TARGET_NAME = "AoC2020 (macOS)";
			};
			name = Debug;
		};
		DEE0F71A2576D473005F1C91 /* Release */ = {
			isa = XCBuildConfiguration;
			buildSettings = {
				ALWAYS_EMBED_SWIFT_STANDARD_LIBRARIES = YES;
				CODE_SIGN_STYLE = Automatic;
				COMBINE_HIDPI_IMAGES = YES;
				DEVELOPMENT_TEAM = 3WR88837J5;
				INFOPLIST_FILE = "Tests macOS/Info.plist";
				LD_RUNPATH_SEARCH_PATHS = (
					"$(inherited)",
					"@executable_path/../Frameworks",
					"@loader_path/../Frameworks",
				);
				MACOSX_DEPLOYMENT_TARGET = 11.0;
				PRODUCT_BUNDLE_IDENTIFIER = "com.darkfit.Tests-macOS";
				PRODUCT_NAME = "$(TARGET_NAME)";
				SDKROOT = macosx;
				SWIFT_VERSION = 5.0;
				TEST_TARGET_NAME = "AoC2020 (macOS)";
			};
			name = Release;
		};
/* End XCBuildConfiguration section */

/* Begin XCConfigurationList section */
		DEE0F6DC2576D470005F1C91 /* Build configuration list for PBXProject "AoC2020" */ = {
			isa = XCConfigurationList;
			buildConfigurations = (
				DEE0F70D2576D473005F1C91 /* Debug */,
				DEE0F70E2576D473005F1C91 /* Release */,
			);
			defaultConfigurationIsVisible = 0;
			defaultConfigurationName = Release;
		};
		DEE0F70F2576D473005F1C91 /* Build configuration list for PBXNativeTarget "AoC2020 (iOS)" */ = {
			isa = XCConfigurationList;
			buildConfigurations = (
				DEE0F7102576D473005F1C91 /* Debug */,
				DEE0F7112576D473005F1C91 /* Release */,
			);
			defaultConfigurationIsVisible = 0;
			defaultConfigurationName = Release;
		};
		DEE0F7122576D473005F1C91 /* Build configuration list for PBXNativeTarget "AoC2020 (macOS)" */ = {
			isa = XCConfigurationList;
			buildConfigurations = (
				DEE0F7132576D473005F1C91 /* Debug */,
				DEE0F7142576D473005F1C91 /* Release */,
			);
			defaultConfigurationIsVisible = 0;
			defaultConfigurationName = Release;
		};
		DEE0F7152576D473005F1C91 /* Build configuration list for PBXNativeTarget "Tests iOS" */ = {
			isa = XCConfigurationList;
			buildConfigurations = (
				DEE0F7162576D473005F1C91 /* Debug */,
				DEE0F7172576D473005F1C91 /* Release */,
			);
			defaultConfigurationIsVisible = 0;
			defaultConfigurationName = Release;
		};
		DEE0F7182576D473005F1C91 /* Build configuration list for PBXNativeTarget "Tests macOS" */ = {
			isa = XCConfigurationList;
			buildConfigurations = (
				DEE0F7192576D473005F1C91 /* Debug */,
				DEE0F71A2576D473005F1C91 /* Release */,
			);
			defaultConfigurationIsVisible = 0;
			defaultConfigurationName = Release;
		};
/* End XCConfigurationList section */
	};
	rootObject = DEE0F6D92576D470005F1C91 /* Project object */;
}
