// !$*UTF8*$!
{
	archiveVersion = 1;
	classes = {
	};
	objectVersion = 50;
	objects = {

/* Begin PBXBuildFile section */
		DE0A144B21C458C200CAA861 /* Extensions.swift in Sources */ = {isa = PBXBuildFile; fileRef = DE0A144A21C458C200CAA861 /* Extensions.swift */; };
		DE0A145521C5A3DB00CAA861 /* StoryDay1 in Resources */ = {isa = PBXBuildFile; fileRef = DE0A145421C5A3DB00CAA861 /* StoryDay1 */; };
		DE0A428F21B6D91E00AD8D18 /* AppDelegate.swift in Sources */ = {isa = PBXBuildFile; fileRef = DE0A428E21B6D91E00AD8D18 /* AppDelegate.swift */; };
		DE0A429121B6D91E00AD8D18 /* ViewController.swift in Sources */ = {isa = PBXBuildFile; fileRef = DE0A429021B6D91E00AD8D18 /* ViewController.swift */; };
		DE0A429421B6D91E00AD8D18 /* Main.storyboard in Resources */ = {isa = PBXBuildFile; fileRef = DE0A429221B6D91E00AD8D18 /* Main.storyboard */; };
		DE0A429621B6D92100AD8D18 /* Assets.xcassets in Resources */ = {isa = PBXBuildFile; fileRef = DE0A429521B6D92100AD8D18 /* Assets.xcassets */; };
		DE0A429921B6D92100AD8D18 /* LaunchScreen.storyboard in Resources */ = {isa = PBXBuildFile; fileRef = DE0A429721B6D92100AD8D18 /* LaunchScreen.storyboard */; };
		DE0A42A421B6D92100AD8D18 /* Day1Tests.swift in Sources */ = {isa = PBXBuildFile; fileRef = DE0A42A321B6D92100AD8D18 /* Day1Tests.swift */; };
		DE0A42AF21B713C100AD8D18 /* DayViewController.swift in Sources */ = {isa = PBXBuildFile; fileRef = DE0A42AE21B713C100AD8D18 /* DayViewController.swift */; };
		DE0A42B121B7173100AD8D18 /* FileReader.swift in Sources */ = {isa = PBXBuildFile; fileRef = DE0A42B021B7173100AD8D18 /* FileReader.swift */; };
		DE0A42B521B71CA900AD8D18 /* InputDay1 in Resources */ = {isa = PBXBuildFile; fileRef = DE0A42B421B71CA800AD8D18 /* InputDay1 */; };
		DEB73F88239403FC00D4121E /* FuelCounter.swift in Sources */ = {isa = PBXBuildFile; fileRef = DEB73F87239403FC00D4121E /* FuelCounter.swift */; };
		DEEC74262394F4510084C05B /* Day2Tests.swift in Sources */ = {isa = PBXBuildFile; fileRef = DEEC74252394F4510084C05B /* Day2Tests.swift */; };
		DEEC742923953A630084C05B /* IntcodeProgram.swift in Sources */ = {isa = PBXBuildFile; fileRef = DEEC742823953A630084C05B /* IntcodeProgram.swift */; };
		DEEC742C2395471A0084C05B /* InputDay2 in Resources */ = {isa = PBXBuildFile; fileRef = DEEC742B2395471A0084C05B /* InputDay2 */; };
		DEEC742E2395481C0084C05B /* StoryDay2 in Resources */ = {isa = PBXBuildFile; fileRef = DEEC742D2395481C0084C05B /* StoryDay2 */; };
		DEEC743123963E030084C05B /* Day3.swift in Sources */ = {isa = PBXBuildFile; fileRef = DEEC743023963E030084C05B /* Day3.swift */; };
		DEEC74332396870B0084C05B /* JumbleOfWires.swift in Sources */ = {isa = PBXBuildFile; fileRef = DEEC74322396870B0084C05B /* JumbleOfWires.swift */; };
		DEEC743523968A850084C05B /* InputDay3 in Resources */ = {isa = PBXBuildFile; fileRef = DEEC743423968A840084C05B /* InputDay3 */; };
		DEEC743723968A930084C05B /* StoryDay3 in Resources */ = {isa = PBXBuildFile; fileRef = DEEC743623968A930084C05B /* StoryDay3 */; };
/* End PBXBuildFile section */

/* Begin PBXContainerItemProxy section */
		DE0A42A021B6D92100AD8D18 /* PBXContainerItemProxy */ = {
			isa = PBXContainerItemProxy;
			containerPortal = DE0A428321B6D91E00AD8D18 /* Project object */;
			proxyType = 1;
			remoteGlobalIDString = DE0A428A21B6D91E00AD8D18;
			remoteInfo = AllDays;
		};
/* End PBXContainerItemProxy section */

/* Begin PBXFileReference section */
		DE0A144A21C458C200CAA861 /* Extensions.swift */ = {isa = PBXFileReference; lastKnownFileType = sourcecode.swift; path = Extensions.swift; sourceTree = "<group>"; };
		DE0A145421C5A3DB00CAA861 /* StoryDay1 */ = {isa = PBXFileReference; lastKnownFileType = text; path = StoryDay1; sourceTree = "<group>"; };
		DE0A428B21B6D91E00AD8D18 /* AoC2019.app */ = {isa = PBXFileReference; explicitFileType = wrapper.application; includeInIndex = 0; path = AoC2019.app; sourceTree = BUILT_PRODUCTS_DIR; };
		DE0A428E21B6D91E00AD8D18 /* AppDelegate.swift */ = {isa = PBXFileReference; lastKnownFileType = sourcecode.swift; path = AppDelegate.swift; sourceTree = "<group>"; };
		DE0A429021B6D91E00AD8D18 /* ViewController.swift */ = {isa = PBXFileReference; lastKnownFileType = sourcecode.swift; path = ViewController.swift; sourceTree = "<group>"; };
		DE0A429321B6D91E00AD8D18 /* Base */ = {isa = PBXFileReference; lastKnownFileType = file.storyboard; name = Base; path = Base.lproj/Main.storyboard; sourceTree = "<group>"; };
		DE0A429521B6D92100AD8D18 /* Assets.xcassets */ = {isa = PBXFileReference; lastKnownFileType = folder.assetcatalog; path = Assets.xcassets; sourceTree = "<group>"; };
		DE0A429821B6D92100AD8D18 /* Base */ = {isa = PBXFileReference; lastKnownFileType = file.storyboard; name = Base; path = Base.lproj/LaunchScreen.storyboard; sourceTree = "<group>"; };
		DE0A429A21B6D92100AD8D18 /* Info.plist */ = {isa = PBXFileReference; lastKnownFileType = text.plist.xml; path = Info.plist; sourceTree = "<group>"; };
		DE0A429F21B6D92100AD8D18 /* AoC2019Tests.xctest */ = {isa = PBXFileReference; explicitFileType = wrapper.cfbundle; includeInIndex = 0; path = AoC2019Tests.xctest; sourceTree = BUILT_PRODUCTS_DIR; };
		DE0A42A321B6D92100AD8D18 /* Day1Tests.swift */ = {isa = PBXFileReference; lastKnownFileType = sourcecode.swift; path = Day1Tests.swift; sourceTree = "<group>"; };
		DE0A42A521B6D92100AD8D18 /* Info.plist */ = {isa = PBXFileReference; lastKnownFileType = text.plist.xml; path = Info.plist; sourceTree = "<group>"; };
		DE0A42AE21B713C100AD8D18 /* DayViewController.swift */ = {isa = PBXFileReference; lastKnownFileType = sourcecode.swift; path = DayViewController.swift; sourceTree = "<group>"; };
		DE0A42B021B7173100AD8D18 /* FileReader.swift */ = {isa = PBXFileReference; lastKnownFileType = sourcecode.swift; path = FileReader.swift; sourceTree = "<group>"; };
		DE0A42B421B71CA800AD8D18 /* InputDay1 */ = {isa = PBXFileReference; lastKnownFileType = text; path = InputDay1; sourceTree = "<group>"; };
		DEB73F87239403FC00D4121E /* FuelCounter.swift */ = {isa = PBXFileReference; lastKnownFileType = sourcecode.swift; path = FuelCounter.swift; sourceTree = "<group>"; };
		DEEC74252394F4510084C05B /* Day2Tests.swift */ = {isa = PBXFileReference; lastKnownFileType = sourcecode.swift; path = Day2Tests.swift; sourceTree = "<group>"; };
		DEEC742823953A630084C05B /* IntcodeProgram.swift */ = {isa = PBXFileReference; lastKnownFileType = sourcecode.swift; path = IntcodeProgram.swift; sourceTree = "<group>"; };
		DEEC742B2395471A0084C05B /* InputDay2 */ = {isa = PBXFileReference; lastKnownFileType = text; path = InputDay2; sourceTree = "<group>"; };
		DEEC742D2395481C0084C05B /* StoryDay2 */ = {isa = PBXFileReference; lastKnownFileType = text; path = StoryDay2; sourceTree = "<group>"; };
		DEEC743023963E030084C05B /* Day3.swift */ = {isa = PBXFileReference; lastKnownFileType = sourcecode.swift; path = Day3.swift; sourceTree = "<group>"; };
		DEEC74322396870B0084C05B /* JumbleOfWires.swift */ = {isa = PBXFileReference; lastKnownFileType = sourcecode.swift; path = JumbleOfWires.swift; sourceTree = "<group>"; };
		DEEC743423968A840084C05B /* InputDay3 */ = {isa = PBXFileReference; lastKnownFileType = text; path = InputDay3; sourceTree = "<group>"; };
		DEEC743623968A930084C05B /* StoryDay3 */ = {isa = PBXFileReference; lastKnownFileType = text; path = StoryDay3; sourceTree = "<group>"; };
/* End PBXFileReference section */

/* Begin PBXFrameworksBuildPhase section */
		DE0A428821B6D91E00AD8D18 /* Frameworks */ = {
			isa = PBXFrameworksBuildPhase;
			buildActionMask = 2147483647;
			files = (
			);
			runOnlyForDeploymentPostprocessing = 0;
		};
		DE0A429C21B6D92100AD8D18 /* Frameworks */ = {
			isa = PBXFrameworksBuildPhase;
			buildActionMask = 2147483647;
			files = (
			);
			runOnlyForDeploymentPostprocessing = 0;
		};
/* End PBXFrameworksBuildPhase section */

/* Begin PBXGroup section */
		DE0A428221B6D91E00AD8D18 = {
			isa = PBXGroup;
			children = (
				DE0A428D21B6D91E00AD8D18 /* AoC2019 */,
				DE0A42A221B6D92100AD8D18 /* AoC2019Tests */,
				DE0A428C21B6D91E00AD8D18 /* Products */,
			);
			sourceTree = "<group>";
		};
		DE0A428C21B6D91E00AD8D18 /* Products */ = {
			isa = PBXGroup;
			children = (
				DE0A428B21B6D91E00AD8D18 /* AoC2019.app */,
				DE0A429F21B6D92100AD8D18 /* AoC2019Tests.xctest */,
			);
			name = Products;
			sourceTree = "<group>";
		};
		DE0A428D21B6D91E00AD8D18 /* AoC2019 */ = {
			isa = PBXGroup;
			children = (
				DE0A428E21B6D91E00AD8D18 /* AppDelegate.swift */,
				DE0A429021B6D91E00AD8D18 /* ViewController.swift */,
				DE0A42AE21B713C100AD8D18 /* DayViewController.swift */,
				DE0A42B621B71E9800AD8D18 /* Day1 */,
				DEEC742A23953A6D0084C05B /* Day2 */,
				DEEC742F23963BB00084C05B /* Day3 */,
				DE0A42B021B7173100AD8D18 /* FileReader.swift */,
				DE0A144A21C458C200CAA861 /* Extensions.swift */,
				DE0A429221B6D91E00AD8D18 /* Main.storyboard */,
				DE0A429521B6D92100AD8D18 /* Assets.xcassets */,
				DE0A429721B6D92100AD8D18 /* LaunchScreen.storyboard */,
				DE0A429A21B6D92100AD8D18 /* Info.plist */,
			);
			path = AoC2019;
			sourceTree = "<group>";
		};
		DE0A42A221B6D92100AD8D18 /* AoC2019Tests */ = {
			isa = PBXGroup;
			children = (
				DE0A42A321B6D92100AD8D18 /* Day1Tests.swift */,
				DEEC74252394F4510084C05B /* Day2Tests.swift */,
				DEEC743023963E030084C05B /* Day3.swift */,
				DE0A42A521B6D92100AD8D18 /* Info.plist */,
			);
			path = AoC2019Tests;
			sourceTree = "<group>";
		};
		DE0A42B621B71E9800AD8D18 /* Day1 */ = {
			isa = PBXGroup;
			children = (
				DEB73F87239403FC00D4121E /* FuelCounter.swift */,
				DE0A42B421B71CA800AD8D18 /* InputDay1 */,
				DE0A145421C5A3DB00CAA861 /* StoryDay1 */,
			);
			path = Day1;
			sourceTree = "<group>";
		};
		DEEC742A23953A6D0084C05B /* Day2 */ = {
			isa = PBXGroup;
			children = (
				DEEC742823953A630084C05B /* IntcodeProgram.swift */,
				DEEC742B2395471A0084C05B /* InputDay2 */,
				DEEC742D2395481C0084C05B /* StoryDay2 */,
			);
			path = Day2;
			sourceTree = "<group>";
		};
		DEEC742F23963BB00084C05B /* Day3 */ = {
			isa = PBXGroup;
			children = (
				DEEC74322396870B0084C05B /* JumbleOfWires.swift */,
				DEEC743423968A840084C05B /* InputDay3 */,
				DEEC743623968A930084C05B /* StoryDay3 */,
			);
			path = Day3;
			sourceTree = "<group>";
		};
/* End PBXGroup section */

/* Begin PBXNativeTarget section */
		DE0A428A21B6D91E00AD8D18 /* AoC2019 */ = {
			isa = PBXNativeTarget;
			buildConfigurationList = DE0A42A821B6D92100AD8D18 /* Build configuration list for PBXNativeTarget "AoC2019" */;
			buildPhases = (
				DE0A428721B6D91E00AD8D18 /* Sources */,
				DE0A428821B6D91E00AD8D18 /* Frameworks */,
				DE0A428921B6D91E00AD8D18 /* Resources */,
			);
			buildRules = (
			);
			dependencies = (
			);
			name = AoC2019;
			productName = AllDays;
			productReference = DE0A428B21B6D91E00AD8D18 /* AoC2019.app */;
			productType = "com.apple.product-type.application";
		};
		DE0A429E21B6D92100AD8D18 /* AoC2019Tests */ = {
			isa = PBXNativeTarget;
			buildConfigurationList = DE0A42AB21B6D92100AD8D18 /* Build configuration list for PBXNativeTarget "AoC2019Tests" */;
			buildPhases = (
				DE0A429B21B6D92100AD8D18 /* Sources */,
				DE0A429C21B6D92100AD8D18 /* Frameworks */,
				DE0A429D21B6D92100AD8D18 /* Resources */,
			);
			buildRules = (
			);
			dependencies = (
				DE0A42A121B6D92100AD8D18 /* PBXTargetDependency */,
			);
			name = AoC2019Tests;
			productName = AllDaysTests;
			productReference = DE0A429F21B6D92100AD8D18 /* AoC2019Tests.xctest */;
			productType = "com.apple.product-type.bundle.unit-test";
		};
/* End PBXNativeTarget section */

/* Begin PBXProject section */
		DE0A428321B6D91E00AD8D18 /* Project object */ = {
			isa = PBXProject;
			attributes = {
				LastSwiftUpdateCheck = 1010;
				LastUpgradeCheck = 1010;
				ORGANIZATIONNAME = DarkFit;
				TargetAttributes = {
					DE0A428A21B6D91E00AD8D18 = {
						CreatedOnToolsVersion = 10.1;
						LastSwiftMigration = 1120;
					};
					DE0A429E21B6D92100AD8D18 = {
						CreatedOnToolsVersion = 10.1;
						LastSwiftMigration = 1120;
						TestTargetID = DE0A428A21B6D91E00AD8D18;
					};
				};
			};
			buildConfigurationList = DE0A428621B6D91E00AD8D18 /* Build configuration list for PBXProject "AoC2019" */;
			compatibilityVersion = "Xcode 9.3";
			developmentRegion = en;
			hasScannedForEncodings = 0;
			knownRegions = (
				en,
				Base,
			);
			mainGroup = DE0A428221B6D91E00AD8D18;
			productRefGroup = DE0A428C21B6D91E00AD8D18 /* Products */;
			projectDirPath = "";
			projectRoot = "";
			targets = (
				DE0A428A21B6D91E00AD8D18 /* AoC2019 */,
				DE0A429E21B6D92100AD8D18 /* AoC2019Tests */,
			);
		};
/* End PBXProject section */

/* Begin PBXResourcesBuildPhase section */
		DE0A428921B6D91E00AD8D18 /* Resources */ = {
			isa = PBXResourcesBuildPhase;
			buildActionMask = 2147483647;
			files = (
				DE0A42B521B71CA900AD8D18 /* InputDay1 in Resources */,
				DE0A145521C5A3DB00CAA861 /* StoryDay1 in Resources */,
				DEEC743523968A850084C05B /* InputDay3 in Resources */,
				DEEC742E2395481C0084C05B /* StoryDay2 in Resources */,
				DE0A429921B6D92100AD8D18 /* LaunchScreen.storyboard in Resources */,
				DEEC742C2395471A0084C05B /* InputDay2 in Resources */,
				DE0A429621B6D92100AD8D18 /* Assets.xcassets in Resources */,
				DE0A429421B6D91E00AD8D18 /* Main.storyboard in Resources */,
				DEEC743723968A930084C05B /* StoryDay3 in Resources */,
			);
			runOnlyForDeploymentPostprocessing = 0;
		};
		DE0A429D21B6D92100AD8D18 /* Resources */ = {
			isa = PBXResourcesBuildPhase;
			buildActionMask = 2147483647;
			files = (
			);
			runOnlyForDeploymentPostprocessing = 0;
		};
/* End PBXResourcesBuildPhase section */

/* Begin PBXSourcesBuildPhase section */
		DE0A428721B6D91E00AD8D18 /* Sources */ = {
			isa = PBXSourcesBuildPhase;
			buildActionMask = 2147483647;
			files = (
				DE0A429121B6D91E00AD8D18 /* ViewController.swift in Sources */,
				DE0A428F21B6D91E00AD8D18 /* AppDelegate.swift in Sources */,
				DEEC742923953A630084C05B /* IntcodeProgram.swift in Sources */,
				DE0A144B21C458C200CAA861 /* Extensions.swift in Sources */,
				DEEC74332396870B0084C05B /* JumbleOfWires.swift in Sources */,
				DE0A42B121B7173100AD8D18 /* FileReader.swift in Sources */,
				DEB73F88239403FC00D4121E /* FuelCounter.swift in Sources */,
				DE0A42AF21B713C100AD8D18 /* DayViewController.swift in Sources */,
			);
			runOnlyForDeploymentPostprocessing = 0;
		};
		DE0A429B21B6D92100AD8D18 /* Sources */ = {
			isa = PBXSourcesBuildPhase;
			buildActionMask = 2147483647;
			files = (
				DE0A42A421B6D92100AD8D18 /* Day1Tests.swift in Sources */,
				DEEC743123963E030084C05B /* Day3.swift in Sources */,
				DEEC74262394F4510084C05B /* Day2Tests.swift in Sources */,
			);
			runOnlyForDeploymentPostprocessing = 0;
		};
/* End PBXSourcesBuildPhase section */

/* Begin PBXTargetDependency section */
		DE0A42A121B6D92100AD8D18 /* PBXTargetDependency */ = {
			isa = PBXTargetDependency;
			target = DE0A428A21B6D91E00AD8D18 /* AoC2019 */;
			targetProxy = DE0A42A021B6D92100AD8D18 /* PBXContainerItemProxy */;
		};
/* End PBXTargetDependency section */

/* Begin PBXVariantGroup section */
		DE0A429221B6D91E00AD8D18 /* Main.storyboard */ = {
			isa = PBXVariantGroup;
			children = (
				DE0A429321B6D91E00AD8D18 /* Base */,
			);
			name = Main.storyboard;
			sourceTree = "<group>";
		};
		DE0A429721B6D92100AD8D18 /* LaunchScreen.storyboard */ = {
			isa = PBXVariantGroup;
			children = (
				DE0A429821B6D92100AD8D18 /* Base */,
			);
			name = LaunchScreen.storyboard;
			sourceTree = "<group>";
		};
/* End PBXVariantGroup section */

/* Begin XCBuildConfiguration section */
		DE0A42A621B6D92100AD8D18 /* Debug */ = {
			isa = XCBuildConfiguration;
			buildSettings = {
				ALWAYS_SEARCH_USER_PATHS = NO;
				CLANG_ANALYZER_NONNULL = YES;
				CLANG_ANALYZER_NUMBER_OBJECT_CONVERSION = YES_AGGRESSIVE;
				CLANG_CXX_LANGUAGE_STANDARD = "gnu++14";
				CLANG_CXX_LIBRARY = "libc++";
				CLANG_ENABLE_MODULES = YES;
				CLANG_ENABLE_OBJC_ARC = YES;
				CLANG_ENABLE_OBJC_WEAK = YES;
				CLANG_WARN_BLOCK_CAPTURE_AUTORELEASING = YES;
				CLANG_WARN_BOOL_CONVERSION = YES;
				CLANG_WARN_COMMA = YES;
				CLANG_WARN_CONSTANT_CONVERSION = YES;
				CLANG_WARN_DEPRECATED_OBJC_IMPLEMENTATIONS = YES;
				CLANG_WARN_DIRECT_OBJC_ISA_USAGE = YES_ERROR;
				CLANG_WARN_DOCUMENTATION_COMMENTS = YES;
				CLANG_WARN_EMPTY_BODY = YES;
				CLANG_WARN_ENUM_CONVERSION = YES;
				CLANG_WARN_INFINITE_RECURSION = YES;
				CLANG_WARN_INT_CONVERSION = YES;
				CLANG_WARN_NON_LITERAL_NULL_CONVERSION = YES;
				CLANG_WARN_OBJC_IMPLICIT_RETAIN_SELF = YES;
				CLANG_WARN_OBJC_LITERAL_CONVERSION = YES;
				CLANG_WARN_OBJC_ROOT_CLASS = YES_ERROR;
				CLANG_WARN_RANGE_LOOP_ANALYSIS = YES;
				CLANG_WARN_STRICT_PROTOTYPES = YES;
				CLANG_WARN_SUSPICIOUS_MOVE = YES;
				CLANG_WARN_UNGUARDED_AVAILABILITY = YES_AGGRESSIVE;
				CLANG_WARN_UNREACHABLE_CODE = YES;
				CLANG_WARN__DUPLICATE_METHOD_MATCH = YES;
				CODE_SIGN_IDENTITY = "iPhone Developer";
				COPY_PHASE_STRIP = NO;
				DEBUG_INFORMATION_FORMAT = dwarf;
				ENABLE_STRICT_OBJC_MSGSEND = YES;
				ENABLE_TESTABILITY = YES;
				GCC_C_LANGUAGE_STANDARD = gnu11;
				GCC_DYNAMIC_NO_PIC = NO;
				GCC_NO_COMMON_BLOCKS = YES;
				GCC_OPTIMIZATION_LEVEL = 0;
				GCC_PREPROCESSOR_DEFINITIONS = (
					"DEBUG=1",
					"$(inherited)",
				);
				GCC_WARN_64_TO_32_BIT_CONVERSION = YES;
				GCC_WARN_ABOUT_RETURN_TYPE = YES_ERROR;
				GCC_WARN_UNDECLARED_SELECTOR = YES;
				GCC_WARN_UNINITIALIZED_AUTOS = YES_AGGRESSIVE;
				GCC_WARN_UNUSED_FUNCTION = YES;
				GCC_WARN_UNUSED_VARIABLE = YES;
				IPHONEOS_DEPLOYMENT_TARGET = 12.1;
				MTL_ENABLE_DEBUG_INFO = INCLUDE_SOURCE;
				MTL_FAST_MATH = YES;
				ONLY_ACTIVE_ARCH = YES;
				SDKROOT = iphoneos;
				SWIFT_ACTIVE_COMPILATION_CONDITIONS = DEBUG;
				SWIFT_OPTIMIZATION_LEVEL = "-Onone";
			};
			name = Debug;
		};
		DE0A42A721B6D92100AD8D18 /* Release */ = {
			isa = XCBuildConfiguration;
			buildSettings = {
				ALWAYS_SEARCH_USER_PATHS = NO;
				CLANG_ANALYZER_NONNULL = YES;
				CLANG_ANALYZER_NUMBER_OBJECT_CONVERSION = YES_AGGRESSIVE;
				CLANG_CXX_LANGUAGE_STANDARD = "gnu++14";
				CLANG_CXX_LIBRARY = "libc++";
				CLANG_ENABLE_MODULES = YES;
				CLANG_ENABLE_OBJC_ARC = YES;
				CLANG_ENABLE_OBJC_WEAK = YES;
				CLANG_WARN_BLOCK_CAPTURE_AUTORELEASING = YES;
				CLANG_WARN_BOOL_CONVERSION = YES;
				CLANG_WARN_COMMA = YES;
				CLANG_WARN_CONSTANT_CONVERSION = YES;
				CLANG_WARN_DEPRECATED_OBJC_IMPLEMENTATIONS = YES;
				CLANG_WARN_DIRECT_OBJC_ISA_USAGE = YES_ERROR;
				CLANG_WARN_DOCUMENTATION_COMMENTS = YES;
				CLANG_WARN_EMPTY_BODY = YES;
				CLANG_WARN_ENUM_CONVERSION = YES;
				CLANG_WARN_INFINITE_RECURSION = YES;
				CLANG_WARN_INT_CONVERSION = YES;
				CLANG_WARN_NON_LITERAL_NULL_CONVERSION = YES;
				CLANG_WARN_OBJC_IMPLICIT_RETAIN_SELF = YES;
				CLANG_WARN_OBJC_LITERAL_CONVERSION = YES;
				CLANG_WARN_OBJC_ROOT_CLASS = YES_ERROR;
				CLANG_WARN_RANGE_LOOP_ANALYSIS = YES;
				CLANG_WARN_STRICT_PROTOTYPES = YES;
				CLANG_WARN_SUSPICIOUS_MOVE = YES;
				CLANG_WARN_UNGUARDED_AVAILABILITY = YES_AGGRESSIVE;
				CLANG_WARN_UNREACHABLE_CODE = YES;
				CLANG_WARN__DUPLICATE_METHOD_MATCH = YES;
				CODE_SIGN_IDENTITY = "iPhone Developer";
				COPY_PHASE_STRIP = NO;
				DEBUG_INFORMATION_FORMAT = "dwarf-with-dsym";
				ENABLE_NS_ASSERTIONS = NO;
				ENABLE_STRICT_OBJC_MSGSEND = YES;
				GCC_C_LANGUAGE_STANDARD = gnu11;
				GCC_NO_COMMON_BLOCKS = YES;
				GCC_WARN_64_TO_32_BIT_CONVERSION = YES;
				GCC_WARN_ABOUT_RETURN_TYPE = YES_ERROR;
				GCC_WARN_UNDECLARED_SELECTOR = YES;
				GCC_WARN_UNINITIALIZED_AUTOS = YES_AGGRESSIVE;
				GCC_WARN_UNUSED_FUNCTION = YES;
				GCC_WARN_UNUSED_VARIABLE = YES;
				IPHONEOS_DEPLOYMENT_TARGET = 12.1;
				MTL_ENABLE_DEBUG_INFO = NO;
				MTL_FAST_MATH = YES;
				SDKROOT = iphoneos;
				SWIFT_COMPILATION_MODE = wholemodule;
				SWIFT_OPTIMIZATION_LEVEL = "-O";
				VALIDATE_PRODUCT = YES;
			};
			name = Release;
		};
		DE0A42A921B6D92100AD8D18 /* Debug */ = {
			isa = XCBuildConfiguration;
			buildSettings = {
				ASSETCATALOG_COMPILER_APPICON_NAME = AppIcon;
				CODE_SIGN_STYLE = Automatic;
				DEVELOPMENT_TEAM = 3WR88837J5;
				INFOPLIST_FILE = AoC2019/Info.plist;
				LD_RUNPATH_SEARCH_PATHS = (
					"$(inherited)",
					"@executable_path/Frameworks",
				);
				PRODUCT_BUNDLE_IDENTIFIER = com.skf.AoC2019;
				PRODUCT_NAME = "$(TARGET_NAME)";
				SWIFT_VERSION = 5.0;
				TARGETED_DEVICE_FAMILY = "1,2";
			};
			name = Debug;
		};
		DE0A42AA21B6D92100AD8D18 /* Release */ = {
			isa = XCBuildConfiguration;
			buildSettings = {
				ASSETCATALOG_COMPILER_APPICON_NAME = AppIcon;
				CODE_SIGN_STYLE = Automatic;
				DEVELOPMENT_TEAM = 3WR88837J5;
				INFOPLIST_FILE = AoC2019/Info.plist;
				LD_RUNPATH_SEARCH_PATHS = (
					"$(inherited)",
					"@executable_path/Frameworks",
				);
				PRODUCT_BUNDLE_IDENTIFIER = com.skf.AoC2019;
				PRODUCT_NAME = "$(TARGET_NAME)";
				SWIFT_VERSION = 5.0;
				TARGETED_DEVICE_FAMILY = "1,2";
			};
			name = Release;
		};
		DE0A42AC21B6D92100AD8D18 /* Debug */ = {
			isa = XCBuildConfiguration;
			buildSettings = {
				ALWAYS_EMBED_SWIFT_STANDARD_LIBRARIES = YES;
				BUNDLE_LOADER = "$(TEST_HOST)";
				CODE_SIGN_STYLE = Automatic;
				DEVELOPMENT_TEAM = 3WR88837J5;
				INFOPLIST_FILE = AoC2019Tests/Info.plist;
				LD_RUNPATH_SEARCH_PATHS = (
					"$(inherited)",
					"@executable_path/Frameworks",
					"@loader_path/Frameworks",
				);
				PRODUCT_BUNDLE_IDENTIFIER = com.skf.AoC2019Tests;
				PRODUCT_NAME = "$(TARGET_NAME)";
				SWIFT_VERSION = 5.0;
				TARGETED_DEVICE_FAMILY = "1,2";
				TEST_HOST = "$(BUILT_PRODUCTS_DIR)/AoC2019.app/AoC2019";
			};
			name = Debug;
		};
		DE0A42AD21B6D92100AD8D18 /* Release */ = {
			isa = XCBuildConfiguration;
			buildSettings = {
				ALWAYS_EMBED_SWIFT_STANDARD_LIBRARIES = YES;
				BUNDLE_LOADER = "$(TEST_HOST)";
				CODE_SIGN_STYLE = Automatic;
				DEVELOPMENT_TEAM = 3WR88837J5;
				INFOPLIST_FILE = AoC2019Tests/Info.plist;
				LD_RUNPATH_SEARCH_PATHS = (
					"$(inherited)",
					"@executable_path/Frameworks",
					"@loader_path/Frameworks",
				);
				PRODUCT_BUNDLE_IDENTIFIER = com.skf.AoC2019Tests;
				PRODUCT_NAME = "$(TARGET_NAME)";
				SWIFT_VERSION = 5.0;
				TARGETED_DEVICE_FAMILY = "1,2";
				TEST_HOST = "$(BUILT_PRODUCTS_DIR)/AoC2019.app/AoC2019";
			};
			name = Release;
		};
/* End XCBuildConfiguration section */

/* Begin XCConfigurationList section */
		DE0A428621B6D91E00AD8D18 /* Build configuration list for PBXProject "AoC2019" */ = {
			isa = XCConfigurationList;
			buildConfigurations = (
				DE0A42A621B6D92100AD8D18 /* Debug */,
				DE0A42A721B6D92100AD8D18 /* Release */,
			);
			defaultConfigurationIsVisible = 0;
			defaultConfigurationName = Release;
		};
		DE0A42A821B6D92100AD8D18 /* Build configuration list for PBXNativeTarget "AoC2019" */ = {
			isa = XCConfigurationList;
			buildConfigurations = (
				DE0A42A921B6D92100AD8D18 /* Debug */,
				DE0A42AA21B6D92100AD8D18 /* Release */,
			);
			defaultConfigurationIsVisible = 0;
			defaultConfigurationName = Release;
		};
		DE0A42AB21B6D92100AD8D18 /* Build configuration list for PBXNativeTarget "AoC2019Tests" */ = {
			isa = XCConfigurationList;
			buildConfigurations = (
				DE0A42AC21B6D92100AD8D18 /* Debug */,
				DE0A42AD21B6D92100AD8D18 /* Release */,
			);
			defaultConfigurationIsVisible = 0;
			defaultConfigurationName = Release;
		};
/* End XCConfigurationList section */
	};
	rootObject = DE0A428321B6D91E00AD8D18 /* Project object */;
}
